// !$*UTF8*$!
{
	archiveVersion = 1;
	classes = {
	};
	objectVersion = 46;
	objects = {

/* Begin PBXBuildFile section */
		BB29EF401CC90A3F001C25B6 /* CityData.plist in Resources */ = {isa = PBXBuildFile; fileRef = BB29EF341CC90A3F001C25B6 /* CityData.plist */; };
		BB29EF411CC90A3F001C25B6 /* TLCity.m in Sources */ = {isa = PBXBuildFile; fileRef = BB29EF361CC90A3F001C25B6 /* TLCity.m */; };
		BB29EF421CC90A3F001C25B6 /* TLCityGroupCell.m in Sources */ = {isa = PBXBuildFile; fileRef = BB29EF381CC90A3F001C25B6 /* TLCityGroupCell.m */; };
		BB29EF431CC90A3F001C25B6 /* TLCityHeaderView.m in Sources */ = {isa = PBXBuildFile; fileRef = BB29EF3A1CC90A3F001C25B6 /* TLCityHeaderView.m */; };
		BB29EF441CC90A3F001C25B6 /* TLCityPickerController.m in Sources */ = {isa = PBXBuildFile; fileRef = BB29EF3C1CC90A3F001C25B6 /* TLCityPickerController.m */; };
		BB29EF451CC90A3F001C25B6 /* TLCityPickerSearchResultController.m in Sources */ = {isa = PBXBuildFile; fileRef = BB29EF3F1CC90A3F001C25B6 /* TLCityPickerSearchResultController.m */; };
		BB29EF481CC9D966001C25B6 /* CEERegisterAPI.m in Sources */ = {isa = PBXBuildFile; fileRef = BB29EF471CC9D966001C25B6 /* CEERegisterAPI.m */; };
		BB29EF4B1CC9DF68001C25B6 /* CEESaveUserProfileAPI.m in Sources */ = {isa = PBXBuildFile; fileRef = BB29EF4A1CC9DF68001C25B6 /* CEESaveUserProfileAPI.m */; };
		BB29EF4E1CC9E474001C25B6 /* CEEUploadTokenAPI.m in Sources */ = {isa = PBXBuildFile; fileRef = BB29EF4D1CC9E474001C25B6 /* CEEUploadTokenAPI.m */; };
		BB29EF511CCA2B7F001C25B6 /* CEEUserProfile.m in Sources */ = {isa = PBXBuildFile; fileRef = BB29EF501CCA2B7F001C25B6 /* CEEUserProfile.m */; };
		BB29EF541CCA2F5C001C25B6 /* CEEImageManager.m in Sources */ = {isa = PBXBuildFile; fileRef = BB29EF531CCA2F5C001C25B6 /* CEEImageManager.m */; };
		BB29EF571CCA4716001C25B6 /* CEEDownloadURLAPI.m in Sources */ = {isa = PBXBuildFile; fileRef = BB29EF561CCA4716001C25B6 /* CEEDownloadURLAPI.m */; };
		BB29EF5A1CCA5D7A001C25B6 /* CEEFetchUserProfileAPI.m in Sources */ = {isa = PBXBuildFile; fileRef = BB29EF591CCA5D7A001C25B6 /* CEEFetchUserProfileAPI.m */; };
		BB29EF5D1CCC5797001C25B6 /* MessageTableViewCell.m in Sources */ = {isa = PBXBuildFile; fileRef = BB29EF5C1CCC5797001C25B6 /* MessageTableViewCell.m */; };
		BB29EF601CCC6E2B001C25B6 /* MapPanelView.m in Sources */ = {isa = PBXBuildFile; fileRef = BB29EF5F1CCC6E2B001C25B6 /* MapPanelView.m */; };
		BB29EF631CCC6E3A001C25B6 /* MapAnchorView.m in Sources */ = {isa = PBXBuildFile; fileRef = BB29EF621CCC6E3A001C25B6 /* MapAnchorView.m */; };
		BB29EF651CCC7098001C25B6 /* map-sample.png in Resources */ = {isa = PBXBuildFile; fileRef = BB29EF641CCC7098001C25B6 /* map-sample.png */; };
		BB29EF681CCCB58C001C25B6 /* HUDCouponCodeView.m in Sources */ = {isa = PBXBuildFile; fileRef = BB29EF671CCCB58C001C25B6 /* HUDCouponCodeView.m */; };
		BB29EF6B1CCE7904001C25B6 /* CouponCard.m in Sources */ = {isa = PBXBuildFile; fileRef = BB29EF6A1CCE7904001C25B6 /* CouponCard.m */; };
		BB3209121CD4E580009D1862 /* CEEStory.m in Sources */ = {isa = PBXBuildFile; fileRef = BB3209111CD4E580009D1862 /* CEEStory.m */; };
		BB3209151CD4E6D8009D1862 /* CEECity.m in Sources */ = {isa = PBXBuildFile; fileRef = BB3209141CD4E6D8009D1862 /* CEECity.m */; };
		BB3209181CD4E7D7009D1862 /* CEEStoryListAPI.m in Sources */ = {isa = PBXBuildFile; fileRef = BB3209171CD4E7D7009D1862 /* CEEStoryListAPI.m */; };
		BB32091B1CD6C9C2009D1862 /* CEECouponConsumeAPI.m in Sources */ = {isa = PBXBuildFile; fileRef = BB32091A1CD6C9C2009D1862 /* CEECouponConsumeAPI.m */; };
		BB32091E1CD6CC86009D1862 /* HUDCouponCodeViewController.m in Sources */ = {isa = PBXBuildFile; fileRef = BB32091D1CD6CC86009D1862 /* HUDCouponCodeViewController.m */; };
		BB3209211CD6F09F009D1862 /* UIImageView+Utils.m in Sources */ = {isa = PBXBuildFile; fileRef = BB3209201CD6F09F009D1862 /* UIImageView+Utils.m */; };
		BB3209241CD72253009D1862 /* CEENearestMapAPI.m in Sources */ = {isa = PBXBuildFile; fileRef = BB3209231CD72253009D1862 /* CEENearestMapAPI.m */; };
		BB3209271CD72394009D1862 /* CEEMap.m in Sources */ = {isa = PBXBuildFile; fileRef = BB3209261CD72394009D1862 /* CEEMap.m */; };
		BB32092D1CD7490D009D1862 /* CEEAnchorsAPI.m in Sources */ = {isa = PBXBuildFile; fileRef = BB32092C1CD7490D009D1862 /* CEEAnchorsAPI.m */; };
		BB3209301CD74A7B009D1862 /* CEEAnchor.m in Sources */ = {isa = PBXBuildFile; fileRef = BB32092F1CD74A7B009D1862 /* CEEAnchor.m */; };
		BB3209331CD764A6009D1862 /* CEEAcquiredMapsAPI.m in Sources */ = {isa = PBXBuildFile; fileRef = BB3209321CD764A6009D1862 /* CEEAcquiredMapsAPI.m */; };
		BB3209361CD78B82009D1862 /* CEETask.m in Sources */ = {isa = PBXBuildFile; fileRef = BB3209351CD78B82009D1862 /* CEETask.m */; };
		BB3209391CD78D38009D1862 /* CEETaskAPI.m in Sources */ = {isa = PBXBuildFile; fileRef = BB3209381CD78D38009D1862 /* CEETaskAPI.m */; };
		BB32093C1CD83707009D1862 /* CEETaskCompleteAPI.m in Sources */ = {isa = PBXBuildFile; fileRef = BB32093B1CD83707009D1862 /* CEETaskCompleteAPI.m */; };
		BB32093F1CD9A296009D1862 /* HUDNewMapViewController.m in Sources */ = {isa = PBXBuildFile; fileRef = BB32093E1CD9A296009D1862 /* HUDNewMapViewController.m */; };
		BB3209421CD9AB89009D1862 /* UserProfileViewController.m in Sources */ = {isa = PBXBuildFile; fileRef = BB3209411CD9AB89009D1862 /* UserProfileViewController.m */; };
		BB3209451CD9B0CF009D1862 /* UserProfileView.m in Sources */ = {isa = PBXBuildFile; fileRef = BB3209441CD9B0CE009D1862 /* UserProfileView.m */; };
		BB3209481CD9BD16009D1862 /* MedalNormalCollectionViewCell.m in Sources */ = {isa = PBXBuildFile; fileRef = BB3209471CD9BD16009D1862 /* MedalNormalCollectionViewCell.m */; };
		BB32094B1CD9BD27009D1862 /* MedalEmptyCollectionViewCell.m in Sources */ = {isa = PBXBuildFile; fileRef = BB32094A1CD9BD27009D1862 /* MedalEmptyCollectionViewCell.m */; };
		BB32094E1CD9E43A009D1862 /* CEEMedalListAPI.m in Sources */ = {isa = PBXBuildFile; fileRef = BB32094D1CD9E43A009D1862 /* CEEMedalListAPI.m */; };
		BB3209511CD9E468009D1862 /* CEEMedal.m in Sources */ = {isa = PBXBuildFile; fileRef = BB3209501CD9E468009D1862 /* CEEMedal.m */; };
		BB3209541CD9FC58009D1862 /* HUDNetworkErrorViewController.m in Sources */ = {isa = PBXBuildFile; fileRef = BB3209531CD9FC58009D1862 /* HUDNetworkErrorViewController.m */; };
		BB3209581CDA17FF009D1862 /* CEEStoryLevelsAPI.m in Sources */ = {isa = PBXBuildFile; fileRef = BB3209571CDA17FF009D1862 /* CEEStoryLevelsAPI.m */; };
		BB32095B1CDA2003009D1862 /* StoryDialogViewController.m in Sources */ = {isa = PBXBuildFile; fileRef = BB32095A1CDA2003009D1862 /* StoryDialogViewController.m */; };
		BB32095E1CDA2022009D1862 /* StoryNumberPuzzleViewController.m in Sources */ = {isa = PBXBuildFile; fileRef = BB32095D1CDA2022009D1862 /* StoryNumberPuzzleViewController.m */; };
		BB3209611CDA2033009D1862 /* StoryTextPuzzleViewController.m in Sources */ = {isa = PBXBuildFile; fileRef = BB3209601CDA2033009D1862 /* StoryTextPuzzleViewController.m */; };
		BB3209641CDA204A009D1862 /* StoryH5ViewController.m in Sources */ = {isa = PBXBuildFile; fileRef = BB3209631CDA204A009D1862 /* StoryH5ViewController.m */; };
		BB3209671CDA205C009D1862 /* StoryEmptyViewController.m in Sources */ = {isa = PBXBuildFile; fileRef = BB3209661CDA205C009D1862 /* StoryEmptyViewController.m */; };
		BB32096A1CDA2115009D1862 /* StoryVideoViewController.m in Sources */ = {isa = PBXBuildFile; fileRef = BB3209691CDA2115009D1862 /* StoryVideoViewController.m */; };
		BB32096D1CDA2219009D1862 /* CEEStoriesManager.m in Sources */ = {isa = PBXBuildFile; fileRef = BB32096C1CDA2219009D1862 /* CEEStoriesManager.m */; };
		BB3209701CDA42BE009D1862 /* StoryLevelsRootViewController.m in Sources */ = {isa = PBXBuildFile; fileRef = BB32096F1CDA42BE009D1862 /* StoryLevelsRootViewController.m */; };
		BB3209731CDB35FC009D1862 /* HUDNumberInputViewController.m in Sources */ = {isa = PBXBuildFile; fileRef = BB3209721CDB35FC009D1862 /* HUDNumberInputViewController.m */; };
		BB3209771CDB92F8009D1862 /* StoryItemsViewController.m in Sources */ = {isa = PBXBuildFile; fileRef = BB3209761CDB92F8009D1862 /* StoryItemsViewController.m */; };
		BB32097A1CDB94B5009D1862 /* CEETriangleView.m in Sources */ = {isa = PBXBuildFile; fileRef = BB3209791CDB94B5009D1862 /* CEETriangleView.m */; };
		BB32097D1CDBA785009D1862 /* StoryMemoryViewController.m in Sources */ = {isa = PBXBuildFile; fileRef = BB32097C1CDBA785009D1862 /* StoryMemoryViewController.m */; };
		BB3209801CDBA7D5009D1862 /* MemoryItemView.m in Sources */ = {isa = PBXBuildFile; fileRef = BB32097F1CDBA7D5009D1862 /* MemoryItemView.m */; };
		BB3209831CDC0BD8009D1862 /* MemoryItemCollectionViewCell.m in Sources */ = {isa = PBXBuildFile; fileRef = BB3209821CDC0BD8009D1862 /* MemoryItemCollectionViewCell.m */; };
		BB3209861CDC13D8009D1862 /* CEEStoryItemsAPI.m in Sources */ = {isa = PBXBuildFile; fileRef = BB3209851CDC13D8009D1862 /* CEEStoryItemsAPI.m */; };
		BB3209891CDC2055009D1862 /* StoryItemCollectionViewCell.m in Sources */ = {isa = PBXBuildFile; fileRef = BB3209881CDC2055009D1862 /* StoryItemCollectionViewCell.m */; };
		BB48E5B31CD05141005150C3 /* HUDFetchingMapView.m in Sources */ = {isa = PBXBuildFile; fileRef = BB48E5B21CD05141005150C3 /* HUDFetchingMapView.m */; };
		BB48E5B61CD06BB4005150C3 /* AcquiredMapsViewController.m in Sources */ = {isa = PBXBuildFile; fileRef = BB48E5B51CD06BB4005150C3 /* AcquiredMapsViewController.m */; };
		BB48E5B91CD07664005150C3 /* AcquiredMapCollectionViewCell.m in Sources */ = {isa = PBXBuildFile; fileRef = BB48E5B81CD07664005150C3 /* AcquiredMapCollectionViewCell.m */; };
		BB48E5BC1CD07682005150C3 /* EmptyMapCollectionViewCell.m in Sources */ = {isa = PBXBuildFile; fileRef = BB48E5BB1CD07682005150C3 /* EmptyMapCollectionViewCell.m */; };
		BB48E5BF1CD09D91005150C3 /* TaskViewController.m in Sources */ = {isa = PBXBuildFile; fileRef = BB48E5BE1CD09D91005150C3 /* TaskViewController.m */; };
		BB48E5C21CD09E3E005150C3 /* TaskQuestionView.m in Sources */ = {isa = PBXBuildFile; fileRef = BB48E5C11CD09E3E005150C3 /* TaskQuestionView.m */; };
		BB48E5C51CD0E4E3005150C3 /* TaskAnswerView.m in Sources */ = {isa = PBXBuildFile; fileRef = BB48E5C41CD0E4E3005150C3 /* TaskAnswerView.m */; };
		BB48E5C81CD19EAD005150C3 /* HUDGetMedalView.m in Sources */ = {isa = PBXBuildFile; fileRef = BB48E5C71CD19EAD005150C3 /* HUDGetMedalView.m */; };
		BB48E5CB1CD1A603005150C3 /* HUDCouponAcquiringViewController.m in Sources */ = {isa = PBXBuildFile; fileRef = BB48E5CA1CD1A603005150C3 /* HUDCouponAcquiringViewController.m */; };
		BB48E5CE1CD1B03E005150C3 /* HUDTaskCompletedViewController.m in Sources */ = {isa = PBXBuildFile; fileRef = BB48E5CD1CD1B03E005150C3 /* HUDTaskCompletedViewController.m */; };
		BB48E5D11CD465E3005150C3 /* HUDStoryFetchingViewController.m in Sources */ = {isa = PBXBuildFile; fileRef = BB48E5D01CD465E3005150C3 /* HUDStoryFetchingViewController.m */; };
		BB48E5D51CD489C0005150C3 /* CEEUploadManager.m in Sources */ = {isa = PBXBuildFile; fileRef = BB48E5D41CD489C0005150C3 /* CEEUploadManager.m */; };
		BB48E5D81CD4BB46005150C3 /* CEECouponListAPI.m in Sources */ = {isa = PBXBuildFile; fileRef = BB48E5D71CD4BB46005150C3 /* CEECouponListAPI.m */; };
		BB48E5DB1CD4BE25005150C3 /* CEECoupon.m in Sources */ = {isa = PBXBuildFile; fileRef = BB48E5DA1CD4BE25005150C3 /* CEECoupon.m */; };
		BB4D856C1CC3502A00754484 /* StoryInfoView.m in Sources */ = {isa = PBXBuildFile; fileRef = BB4D856B1CC3502A00754484 /* StoryInfoView.m */; };
		BB6103981CC46E5300350809 /* RefreshingPanel.m in Sources */ = {isa = PBXBuildFile; fileRef = BB6103971CC46E5300350809 /* RefreshingPanel.m */; };
		BB61039B1CC478C200350809 /* LoginViewController.m in Sources */ = {isa = PBXBuildFile; fileRef = BB61039A1CC478C200350809 /* LoginViewController.m */; };
		BB61039E1CC47B2000350809 /* ThirdPartyLoginButton.m in Sources */ = {isa = PBXBuildFile; fileRef = BB61039D1CC47B2000350809 /* ThirdPartyLoginButton.m */; };
		BB6103A11CC5088100350809 /* RegisterViewController.m in Sources */ = {isa = PBXBuildFile; fileRef = BB6103A01CC5088100350809 /* RegisterViewController.m */; };
		BB6103A41CC50DB100350809 /* VerificationCodeViewController.m in Sources */ = {isa = PBXBuildFile; fileRef = BB6103A31CC50DB100350809 /* VerificationCodeViewController.m */; };
		BB6103A71CC5199100350809 /* FillProfileViewController.m in Sources */ = {isa = PBXBuildFile; fileRef = BB6103A61CC5199100350809 /* FillProfileViewController.m */; };
		BB6103AA1CC62AB300350809 /* ServerConfig.m in Sources */ = {isa = PBXBuildFile; fileRef = BB6103A91CC62AB300350809 /* ServerConfig.m */; };
		BB6103AE1CC6336300350809 /* JSONResponseSerializer.m in Sources */ = {isa = PBXBuildFile; fileRef = BB6103AD1CC6336300350809 /* JSONResponseSerializer.m */; };
		BB6103B11CC671A400350809 /* CEEAPIClient.m in Sources */ = {isa = PBXBuildFile; fileRef = BB6103B01CC671A400350809 /* CEEAPIClient.m */; };
		BB6103B51CC67A6300350809 /* CEEBaseAPI.m in Sources */ = {isa = PBXBuildFile; fileRef = BB6103B41CC67A6300350809 /* CEEBaseAPI.m */; };
		BB6103B81CC68D5000350809 /* CEELoginAPI.m in Sources */ = {isa = PBXBuildFile; fileRef = BB6103B71CC68D5000350809 /* CEELoginAPI.m */; };
		BB6103BB1CC7295F00350809 /* CEEAppearanceManager.m in Sources */ = {isa = PBXBuildFile; fileRef = BB6103BA1CC7295F00350809 /* CEEAppearanceManager.m */; };
		BB6103BE1CC7A5A100350809 /* CEEUserSession.m in Sources */ = {isa = PBXBuildFile; fileRef = BB6103BD1CC7A5A100350809 /* CEEUserSession.m */; };
		BB6103C11CC7ABE700350809 /* CEEDatabase.m in Sources */ = {isa = PBXBuildFile; fileRef = BB6103C01CC7ABE700350809 /* CEEDatabase.m */; };
		BB6103C31CC7E0FF00350809 /* CoreLocation.framework in Frameworks */ = {isa = PBXBuildFile; fileRef = BB6103C21CC7E0FF00350809 /* CoreLocation.framework */; };
		BB6103C51CC7E10C00350809 /* MapKit.framework in Frameworks */ = {isa = PBXBuildFile; fileRef = BB6103C41CC7E10C00350809 /* MapKit.framework */; };
		BB6103C81CC7E13000350809 /* CEELocationManager.m in Sources */ = {isa = PBXBuildFile; fileRef = BB6103C71CC7E13000350809 /* CEELocationManager.m */; };
		BB6103CD1CC8570B00350809 /* AIDatePickerController.m in Sources */ = {isa = PBXBuildFile; fileRef = BB6103CC1CC8570B00350809 /* AIDatePickerController.m */; };
		BB6AD2E91CC206EE00A1E0F7 /* CouponScrollView.m in Sources */ = {isa = PBXBuildFile; fileRef = BB6AD2E81CC206EE00A1E0F7 /* CouponScrollView.m */; };
		BB6AD2EC1CC21E2900A1E0F7 /* HUDBaseView.m in Sources */ = {isa = PBXBuildFile; fileRef = BB6AD2EB1CC21E2900A1E0F7 /* HUDBaseView.m */; };
		BB6AD2EE1CC2287200A1E0F7 /* Localizable.strings in Resources */ = {isa = PBXBuildFile; fileRef = BB6AD2ED1CC2287200A1E0F7 /* Localizable.strings */; };
		BB6AD2F91CC24F7300A1E0F7 /* SourceHanSansCN-Bold.otf in Resources */ = {isa = PBXBuildFile; fileRef = BB6AD2F21CC24F7300A1E0F7 /* SourceHanSansCN-Bold.otf */; };
		BB6AD2FA1CC24F7300A1E0F7 /* SourceHanSansCN-ExtraLight.otf in Resources */ = {isa = PBXBuildFile; fileRef = BB6AD2F31CC24F7300A1E0F7 /* SourceHanSansCN-ExtraLight.otf */; };
		BB6AD2FB1CC24F7300A1E0F7 /* SourceHanSansCN-Heavy.otf in Resources */ = {isa = PBXBuildFile; fileRef = BB6AD2F41CC24F7300A1E0F7 /* SourceHanSansCN-Heavy.otf */; };
		BB6AD2FC1CC24F7300A1E0F7 /* SourceHanSansCN-Light.otf in Resources */ = {isa = PBXBuildFile; fileRef = BB6AD2F51CC24F7300A1E0F7 /* SourceHanSansCN-Light.otf */; };
		BB6AD2FD1CC24F7300A1E0F7 /* SourceHanSansCN-Medium.otf in Resources */ = {isa = PBXBuildFile; fileRef = BB6AD2F61CC24F7300A1E0F7 /* SourceHanSansCN-Medium.otf */; };
		BB6AD2FE1CC24F7300A1E0F7 /* SourceHanSansCN-Normal.otf in Resources */ = {isa = PBXBuildFile; fileRef = BB6AD2F71CC24F7300A1E0F7 /* SourceHanSansCN-Normal.otf */; };
		BB6AD2FF1CC24F7300A1E0F7 /* SourceHanSansCN-Regular.otf in Resources */ = {isa = PBXBuildFile; fileRef = BB6AD2F81CC24F7300A1E0F7 /* SourceHanSansCN-Regular.otf */; };
		BB6AD3021CC2512500A1E0F7 /* AppearanceConstants.m in Sources */ = {isa = PBXBuildFile; fileRef = BB6AD3011CC2512500A1E0F7 /* AppearanceConstants.m */; };
		BB6AD3051CC2528900A1E0F7 /* CEEUtils.m in Sources */ = {isa = PBXBuildFile; fileRef = BB6AD3041CC2528900A1E0F7 /* CEEUtils.m */; };
		BB6AD3071CC265CD00A1E0F7 /* Gobold-Regular.ttf in Resources */ = {isa = PBXBuildFile; fileRef = BB6AD3061CC265CD00A1E0F7 /* Gobold-Regular.ttf */; };
		BB6AD30A1CC26B5A00A1E0F7 /* StoryTableViewCell.m in Sources */ = {isa = PBXBuildFile; fileRef = BB6AD3091CC26B5A00A1E0F7 /* StoryTableViewCell.m */; };
		BB6AD30D1CC26F5C00A1E0F7 /* StoryTableViewCellMenuView.m in Sources */ = {isa = PBXBuildFile; fileRef = BB6AD30C1CC26F5C00A1E0F7 /* StoryTableViewCellMenuView.m */; };
		BB6AD3161CC322E000A1E0F7 /* UIImage+Utils.m in Sources */ = {isa = PBXBuildFile; fileRef = BB6AD3151CC322E000A1E0F7 /* UIImage+Utils.m */; };
		BB6AD3191CC32B9300A1E0F7 /* StoryCoverViewController.m in Sources */ = {isa = PBXBuildFile; fileRef = BB6AD3181CC32B9300A1E0F7 /* StoryCoverViewController.m */; };
		BB6AD31C1CC32FED00A1E0F7 /* StoryDifficultyView.m in Sources */ = {isa = PBXBuildFile; fileRef = BB6AD31B1CC32FED00A1E0F7 /* StoryDifficultyView.m */; };
		BB6AD31F1CC3309100A1E0F7 /* StoryTagView.m in Sources */ = {isa = PBXBuildFile; fileRef = BB6AD31E1CC3309100A1E0F7 /* StoryTagView.m */; };
		BBA532351CBBC56500282D3E /* main.m in Sources */ = {isa = PBXBuildFile; fileRef = BBA532341CBBC56500282D3E /* main.m */; };
		BBA532381CBBC56500282D3E /* AppDelegate.m in Sources */ = {isa = PBXBuildFile; fileRef = BBA532371CBBC56500282D3E /* AppDelegate.m */; };
		BBA532401CBBC56500282D3E /* Assets.xcassets in Resources */ = {isa = PBXBuildFile; fileRef = BBA5323F1CBBC56500282D3E /* Assets.xcassets */; };
		BBA532511CBBD0F500282D3E /* RootViewController.m in Sources */ = {isa = PBXBuildFile; fileRef = BBA5324D1CBBD0F500282D3E /* RootViewController.m */; };
		BBA532541CBBD11100282D3E /* SDKManager.m in Sources */ = {isa = PBXBuildFile; fileRef = BBA532531CBBD11100282D3E /* SDKManager.m */; };
		BBA532581CBBD5DB00282D3E /* LaunchScreen.storyboard in Resources */ = {isa = PBXBuildFile; fileRef = BBA532561CBBD5DB00282D3E /* LaunchScreen.storyboard */; };
		BBA5325B1CBBDA4A00282D3E /* DrawerViewController.m in Sources */ = {isa = PBXBuildFile; fileRef = BBA5325A1CBBDA4A00282D3E /* DrawerViewController.m */; };
		BBA5325E1CBBDA5900282D3E /* WorldViewController.m in Sources */ = {isa = PBXBuildFile; fileRef = BBA5325D1CBBDA5900282D3E /* WorldViewController.m */; };
		BBA532611CBBDA6A00282D3E /* StoriesViewController.m in Sources */ = {isa = PBXBuildFile; fileRef = BBA532601CBBDA6A00282D3E /* StoriesViewController.m */; };
		BBA532641CBBDA9E00282D3E /* MessageViewController.m in Sources */ = {isa = PBXBuildFile; fileRef = BBA532631CBBDA9E00282D3E /* MessageViewController.m */; };
		DBE2B2942E7909B051221FF0 /* Pods_CEE.framework in Frameworks */ = {isa = PBXBuildFile; fileRef = 6F33B289AB3942036A5E07CD /* Pods_CEE.framework */; };
/* End PBXBuildFile section */

/* Begin PBXFileReference section */
		6F33B289AB3942036A5E07CD /* Pods_CEE.framework */ = {isa = PBXFileReference; explicitFileType = wrapper.framework; includeInIndex = 0; path = Pods_CEE.framework; sourceTree = BUILT_PRODUCTS_DIR; };
		7FB126723455BB0F0F8BE026 /* Pods-CEE.debug.xcconfig */ = {isa = PBXFileReference; includeInIndex = 1; lastKnownFileType = text.xcconfig; name = "Pods-CEE.debug.xcconfig"; path = "Pods/Target Support Files/Pods-CEE/Pods-CEE.debug.xcconfig"; sourceTree = "<group>"; };
		BB29EF341CC90A3F001C25B6 /* CityData.plist */ = {isa = PBXFileReference; fileEncoding = 4; lastKnownFileType = text.plist.xml; path = CityData.plist; sourceTree = "<group>"; };
		BB29EF351CC90A3F001C25B6 /* TLCity.h */ = {isa = PBXFileReference; fileEncoding = 4; lastKnownFileType = sourcecode.c.h; path = TLCity.h; sourceTree = "<group>"; };
		BB29EF361CC90A3F001C25B6 /* TLCity.m */ = {isa = PBXFileReference; fileEncoding = 4; lastKnownFileType = sourcecode.c.objc; path = TLCity.m; sourceTree = "<group>"; };
		BB29EF371CC90A3F001C25B6 /* TLCityGroupCell.h */ = {isa = PBXFileReference; fileEncoding = 4; lastKnownFileType = sourcecode.c.h; path = TLCityGroupCell.h; sourceTree = "<group>"; };
		BB29EF381CC90A3F001C25B6 /* TLCityGroupCell.m */ = {isa = PBXFileReference; fileEncoding = 4; lastKnownFileType = sourcecode.c.objc; path = TLCityGroupCell.m; sourceTree = "<group>"; };
		BB29EF391CC90A3F001C25B6 /* TLCityHeaderView.h */ = {isa = PBXFileReference; fileEncoding = 4; lastKnownFileType = sourcecode.c.h; path = TLCityHeaderView.h; sourceTree = "<group>"; };
		BB29EF3A1CC90A3F001C25B6 /* TLCityHeaderView.m */ = {isa = PBXFileReference; fileEncoding = 4; lastKnownFileType = sourcecode.c.objc; path = TLCityHeaderView.m; sourceTree = "<group>"; };
		BB29EF3B1CC90A3F001C25B6 /* TLCityPickerController.h */ = {isa = PBXFileReference; fileEncoding = 4; lastKnownFileType = sourcecode.c.h; path = TLCityPickerController.h; sourceTree = "<group>"; };
		BB29EF3C1CC90A3F001C25B6 /* TLCityPickerController.m */ = {isa = PBXFileReference; fileEncoding = 4; lastKnownFileType = sourcecode.c.objc; path = TLCityPickerController.m; sourceTree = "<group>"; };
		BB29EF3D1CC90A3F001C25B6 /* TLCityPickerDelegate.h */ = {isa = PBXFileReference; fileEncoding = 4; lastKnownFileType = sourcecode.c.h; path = TLCityPickerDelegate.h; sourceTree = "<group>"; };
		BB29EF3E1CC90A3F001C25B6 /* TLCityPickerSearchResultController.h */ = {isa = PBXFileReference; fileEncoding = 4; lastKnownFileType = sourcecode.c.h; path = TLCityPickerSearchResultController.h; sourceTree = "<group>"; };
		BB29EF3F1CC90A3F001C25B6 /* TLCityPickerSearchResultController.m */ = {isa = PBXFileReference; fileEncoding = 4; lastKnownFileType = sourcecode.c.objc; path = TLCityPickerSearchResultController.m; sourceTree = "<group>"; };
		BB29EF461CC9D966001C25B6 /* CEERegisterAPI.h */ = {isa = PBXFileReference; fileEncoding = 4; lastKnownFileType = sourcecode.c.h; path = CEERegisterAPI.h; sourceTree = "<group>"; };
		BB29EF471CC9D966001C25B6 /* CEERegisterAPI.m */ = {isa = PBXFileReference; fileEncoding = 4; lastKnownFileType = sourcecode.c.objc; path = CEERegisterAPI.m; sourceTree = "<group>"; };
		BB29EF491CC9DF68001C25B6 /* CEESaveUserProfileAPI.h */ = {isa = PBXFileReference; fileEncoding = 4; lastKnownFileType = sourcecode.c.h; path = CEESaveUserProfileAPI.h; sourceTree = "<group>"; };
		BB29EF4A1CC9DF68001C25B6 /* CEESaveUserProfileAPI.m */ = {isa = PBXFileReference; fileEncoding = 4; lastKnownFileType = sourcecode.c.objc; path = CEESaveUserProfileAPI.m; sourceTree = "<group>"; };
		BB29EF4C1CC9E474001C25B6 /* CEEUploadTokenAPI.h */ = {isa = PBXFileReference; fileEncoding = 4; lastKnownFileType = sourcecode.c.h; path = CEEUploadTokenAPI.h; sourceTree = "<group>"; };
		BB29EF4D1CC9E474001C25B6 /* CEEUploadTokenAPI.m */ = {isa = PBXFileReference; fileEncoding = 4; lastKnownFileType = sourcecode.c.objc; path = CEEUploadTokenAPI.m; sourceTree = "<group>"; };
		BB29EF4F1CCA2B7F001C25B6 /* CEEUserProfile.h */ = {isa = PBXFileReference; fileEncoding = 4; lastKnownFileType = sourcecode.c.h; path = CEEUserProfile.h; sourceTree = "<group>"; };
		BB29EF501CCA2B7F001C25B6 /* CEEUserProfile.m */ = {isa = PBXFileReference; fileEncoding = 4; lastKnownFileType = sourcecode.c.objc; path = CEEUserProfile.m; sourceTree = "<group>"; };
		BB29EF521CCA2F5C001C25B6 /* CEEImageManager.h */ = {isa = PBXFileReference; fileEncoding = 4; lastKnownFileType = sourcecode.c.h; path = CEEImageManager.h; sourceTree = "<group>"; };
		BB29EF531CCA2F5C001C25B6 /* CEEImageManager.m */ = {isa = PBXFileReference; fileEncoding = 4; lastKnownFileType = sourcecode.c.objc; path = CEEImageManager.m; sourceTree = "<group>"; };
		BB29EF551CCA4716001C25B6 /* CEEDownloadURLAPI.h */ = {isa = PBXFileReference; fileEncoding = 4; lastKnownFileType = sourcecode.c.h; path = CEEDownloadURLAPI.h; sourceTree = "<group>"; };
		BB29EF561CCA4716001C25B6 /* CEEDownloadURLAPI.m */ = {isa = PBXFileReference; fileEncoding = 4; lastKnownFileType = sourcecode.c.objc; path = CEEDownloadURLAPI.m; sourceTree = "<group>"; };
		BB29EF581CCA5D7A001C25B6 /* CEEFetchUserProfileAPI.h */ = {isa = PBXFileReference; fileEncoding = 4; lastKnownFileType = sourcecode.c.h; path = CEEFetchUserProfileAPI.h; sourceTree = "<group>"; };
		BB29EF591CCA5D7A001C25B6 /* CEEFetchUserProfileAPI.m */ = {isa = PBXFileReference; fileEncoding = 4; lastKnownFileType = sourcecode.c.objc; path = CEEFetchUserProfileAPI.m; sourceTree = "<group>"; };
		BB29EF5B1CCC5797001C25B6 /* MessageTableViewCell.h */ = {isa = PBXFileReference; fileEncoding = 4; lastKnownFileType = sourcecode.c.h; path = MessageTableViewCell.h; sourceTree = "<group>"; };
		BB29EF5C1CCC5797001C25B6 /* MessageTableViewCell.m */ = {isa = PBXFileReference; fileEncoding = 4; lastKnownFileType = sourcecode.c.objc; path = MessageTableViewCell.m; sourceTree = "<group>"; };
		BB29EF5E1CCC6E2B001C25B6 /* MapPanelView.h */ = {isa = PBXFileReference; fileEncoding = 4; lastKnownFileType = sourcecode.c.h; path = MapPanelView.h; sourceTree = "<group>"; };
		BB29EF5F1CCC6E2B001C25B6 /* MapPanelView.m */ = {isa = PBXFileReference; fileEncoding = 4; lastKnownFileType = sourcecode.c.objc; path = MapPanelView.m; sourceTree = "<group>"; };
		BB29EF611CCC6E3A001C25B6 /* MapAnchorView.h */ = {isa = PBXFileReference; fileEncoding = 4; lastKnownFileType = sourcecode.c.h; path = MapAnchorView.h; sourceTree = "<group>"; };
		BB29EF621CCC6E3A001C25B6 /* MapAnchorView.m */ = {isa = PBXFileReference; fileEncoding = 4; lastKnownFileType = sourcecode.c.objc; path = MapAnchorView.m; sourceTree = "<group>"; };
		BB29EF641CCC7098001C25B6 /* map-sample.png */ = {isa = PBXFileReference; lastKnownFileType = image.png; path = "map-sample.png"; sourceTree = "<group>"; };
		BB29EF661CCCB58C001C25B6 /* HUDCouponCodeView.h */ = {isa = PBXFileReference; fileEncoding = 4; lastKnownFileType = sourcecode.c.h; path = HUDCouponCodeView.h; sourceTree = "<group>"; };
		BB29EF671CCCB58C001C25B6 /* HUDCouponCodeView.m */ = {isa = PBXFileReference; fileEncoding = 4; lastKnownFileType = sourcecode.c.objc; path = HUDCouponCodeView.m; sourceTree = "<group>"; };
		BB29EF691CCE7904001C25B6 /* CouponCard.h */ = {isa = PBXFileReference; fileEncoding = 4; lastKnownFileType = sourcecode.c.h; path = CouponCard.h; sourceTree = "<group>"; };
		BB29EF6A1CCE7904001C25B6 /* CouponCard.m */ = {isa = PBXFileReference; fileEncoding = 4; lastKnownFileType = sourcecode.c.objc; path = CouponCard.m; sourceTree = "<group>"; };
		BB3209101CD4E580009D1862 /* CEEStory.h */ = {isa = PBXFileReference; fileEncoding = 4; lastKnownFileType = sourcecode.c.h; path = CEEStory.h; sourceTree = "<group>"; };
		BB3209111CD4E580009D1862 /* CEEStory.m */ = {isa = PBXFileReference; fileEncoding = 4; lastKnownFileType = sourcecode.c.objc; path = CEEStory.m; sourceTree = "<group>"; };
		BB3209131CD4E6D8009D1862 /* CEECity.h */ = {isa = PBXFileReference; fileEncoding = 4; lastKnownFileType = sourcecode.c.h; path = CEECity.h; sourceTree = "<group>"; };
		BB3209141CD4E6D8009D1862 /* CEECity.m */ = {isa = PBXFileReference; fileEncoding = 4; lastKnownFileType = sourcecode.c.objc; path = CEECity.m; sourceTree = "<group>"; };
		BB3209161CD4E7D7009D1862 /* CEEStoryListAPI.h */ = {isa = PBXFileReference; fileEncoding = 4; lastKnownFileType = sourcecode.c.h; path = CEEStoryListAPI.h; sourceTree = "<group>"; };
		BB3209171CD4E7D7009D1862 /* CEEStoryListAPI.m */ = {isa = PBXFileReference; fileEncoding = 4; lastKnownFileType = sourcecode.c.objc; path = CEEStoryListAPI.m; sourceTree = "<group>"; };
		BB3209191CD6C9C2009D1862 /* CEECouponConsumeAPI.h */ = {isa = PBXFileReference; fileEncoding = 4; lastKnownFileType = sourcecode.c.h; path = CEECouponConsumeAPI.h; sourceTree = "<group>"; };
		BB32091A1CD6C9C2009D1862 /* CEECouponConsumeAPI.m */ = {isa = PBXFileReference; fileEncoding = 4; lastKnownFileType = sourcecode.c.objc; path = CEECouponConsumeAPI.m; sourceTree = "<group>"; };
		BB32091C1CD6CC86009D1862 /* HUDCouponCodeViewController.h */ = {isa = PBXFileReference; fileEncoding = 4; lastKnownFileType = sourcecode.c.h; path = HUDCouponCodeViewController.h; sourceTree = "<group>"; };
		BB32091D1CD6CC86009D1862 /* HUDCouponCodeViewController.m */ = {isa = PBXFileReference; fileEncoding = 4; lastKnownFileType = sourcecode.c.objc; path = HUDCouponCodeViewController.m; sourceTree = "<group>"; };
		BB32091F1CD6F09F009D1862 /* UIImageView+Utils.h */ = {isa = PBXFileReference; fileEncoding = 4; lastKnownFileType = sourcecode.c.h; path = "UIImageView+Utils.h"; sourceTree = "<group>"; };
		BB3209201CD6F09F009D1862 /* UIImageView+Utils.m */ = {isa = PBXFileReference; fileEncoding = 4; lastKnownFileType = sourcecode.c.objc; path = "UIImageView+Utils.m"; sourceTree = "<group>"; };
		BB3209221CD72253009D1862 /* CEENearestMapAPI.h */ = {isa = PBXFileReference; fileEncoding = 4; lastKnownFileType = sourcecode.c.h; path = CEENearestMapAPI.h; sourceTree = "<group>"; };
		BB3209231CD72253009D1862 /* CEENearestMapAPI.m */ = {isa = PBXFileReference; fileEncoding = 4; lastKnownFileType = sourcecode.c.objc; path = CEENearestMapAPI.m; sourceTree = "<group>"; };
		BB3209251CD72394009D1862 /* CEEMap.h */ = {isa = PBXFileReference; fileEncoding = 4; lastKnownFileType = sourcecode.c.h; path = CEEMap.h; sourceTree = "<group>"; };
		BB3209261CD72394009D1862 /* CEEMap.m */ = {isa = PBXFileReference; fileEncoding = 4; lastKnownFileType = sourcecode.c.objc; path = CEEMap.m; sourceTree = "<group>"; };
		BB32092B1CD7490D009D1862 /* CEEAnchorsAPI.h */ = {isa = PBXFileReference; fileEncoding = 4; lastKnownFileType = sourcecode.c.h; path = CEEAnchorsAPI.h; sourceTree = "<group>"; };
		BB32092C1CD7490D009D1862 /* CEEAnchorsAPI.m */ = {isa = PBXFileReference; fileEncoding = 4; lastKnownFileType = sourcecode.c.objc; path = CEEAnchorsAPI.m; sourceTree = "<group>"; };
		BB32092E1CD74A7B009D1862 /* CEEAnchor.h */ = {isa = PBXFileReference; fileEncoding = 4; lastKnownFileType = sourcecode.c.h; path = CEEAnchor.h; sourceTree = "<group>"; };
		BB32092F1CD74A7B009D1862 /* CEEAnchor.m */ = {isa = PBXFileReference; fileEncoding = 4; lastKnownFileType = sourcecode.c.objc; path = CEEAnchor.m; sourceTree = "<group>"; };
		BB3209311CD764A6009D1862 /* CEEAcquiredMapsAPI.h */ = {isa = PBXFileReference; fileEncoding = 4; lastKnownFileType = sourcecode.c.h; path = CEEAcquiredMapsAPI.h; sourceTree = "<group>"; };
		BB3209321CD764A6009D1862 /* CEEAcquiredMapsAPI.m */ = {isa = PBXFileReference; fileEncoding = 4; lastKnownFileType = sourcecode.c.objc; path = CEEAcquiredMapsAPI.m; sourceTree = "<group>"; };
		BB3209341CD78B82009D1862 /* CEETask.h */ = {isa = PBXFileReference; fileEncoding = 4; lastKnownFileType = sourcecode.c.h; path = CEETask.h; sourceTree = "<group>"; };
		BB3209351CD78B82009D1862 /* CEETask.m */ = {isa = PBXFileReference; fileEncoding = 4; lastKnownFileType = sourcecode.c.objc; path = CEETask.m; sourceTree = "<group>"; };
		BB3209371CD78D38009D1862 /* CEETaskAPI.h */ = {isa = PBXFileReference; fileEncoding = 4; lastKnownFileType = sourcecode.c.h; path = CEETaskAPI.h; sourceTree = "<group>"; };
		BB3209381CD78D38009D1862 /* CEETaskAPI.m */ = {isa = PBXFileReference; fileEncoding = 4; lastKnownFileType = sourcecode.c.objc; path = CEETaskAPI.m; sourceTree = "<group>"; };
		BB32093A1CD83707009D1862 /* CEETaskCompleteAPI.h */ = {isa = PBXFileReference; fileEncoding = 4; lastKnownFileType = sourcecode.c.h; path = CEETaskCompleteAPI.h; sourceTree = "<group>"; };
		BB32093B1CD83707009D1862 /* CEETaskCompleteAPI.m */ = {isa = PBXFileReference; fileEncoding = 4; lastKnownFileType = sourcecode.c.objc; path = CEETaskCompleteAPI.m; sourceTree = "<group>"; };
		BB32093D1CD9A296009D1862 /* HUDNewMapViewController.h */ = {isa = PBXFileReference; fileEncoding = 4; lastKnownFileType = sourcecode.c.h; path = HUDNewMapViewController.h; sourceTree = "<group>"; };
		BB32093E1CD9A296009D1862 /* HUDNewMapViewController.m */ = {isa = PBXFileReference; fileEncoding = 4; lastKnownFileType = sourcecode.c.objc; path = HUDNewMapViewController.m; sourceTree = "<group>"; };
		BB3209401CD9AB89009D1862 /* UserProfileViewController.h */ = {isa = PBXFileReference; fileEncoding = 4; lastKnownFileType = sourcecode.c.h; path = UserProfileViewController.h; sourceTree = "<group>"; };
		BB3209411CD9AB89009D1862 /* UserProfileViewController.m */ = {isa = PBXFileReference; fileEncoding = 4; lastKnownFileType = sourcecode.c.objc; path = UserProfileViewController.m; sourceTree = "<group>"; };
		BB3209431CD9B0CE009D1862 /* UserProfileView.h */ = {isa = PBXFileReference; fileEncoding = 4; lastKnownFileType = sourcecode.c.h; path = UserProfileView.h; sourceTree = "<group>"; };
		BB3209441CD9B0CE009D1862 /* UserProfileView.m */ = {isa = PBXFileReference; fileEncoding = 4; lastKnownFileType = sourcecode.c.objc; path = UserProfileView.m; sourceTree = "<group>"; };
		BB3209461CD9BD16009D1862 /* MedalNormalCollectionViewCell.h */ = {isa = PBXFileReference; fileEncoding = 4; lastKnownFileType = sourcecode.c.h; path = MedalNormalCollectionViewCell.h; sourceTree = "<group>"; };
		BB3209471CD9BD16009D1862 /* MedalNormalCollectionViewCell.m */ = {isa = PBXFileReference; fileEncoding = 4; lastKnownFileType = sourcecode.c.objc; path = MedalNormalCollectionViewCell.m; sourceTree = "<group>"; };
		BB3209491CD9BD27009D1862 /* MedalEmptyCollectionViewCell.h */ = {isa = PBXFileReference; fileEncoding = 4; lastKnownFileType = sourcecode.c.h; path = MedalEmptyCollectionViewCell.h; sourceTree = "<group>"; };
		BB32094A1CD9BD27009D1862 /* MedalEmptyCollectionViewCell.m */ = {isa = PBXFileReference; fileEncoding = 4; lastKnownFileType = sourcecode.c.objc; path = MedalEmptyCollectionViewCell.m; sourceTree = "<group>"; };
		BB32094C1CD9E43A009D1862 /* CEEMedalListAPI.h */ = {isa = PBXFileReference; fileEncoding = 4; lastKnownFileType = sourcecode.c.h; path = CEEMedalListAPI.h; sourceTree = "<group>"; };
		BB32094D1CD9E43A009D1862 /* CEEMedalListAPI.m */ = {isa = PBXFileReference; fileEncoding = 4; lastKnownFileType = sourcecode.c.objc; path = CEEMedalListAPI.m; sourceTree = "<group>"; };
		BB32094F1CD9E468009D1862 /* CEEMedal.h */ = {isa = PBXFileReference; fileEncoding = 4; lastKnownFileType = sourcecode.c.h; path = CEEMedal.h; sourceTree = "<group>"; };
		BB3209501CD9E468009D1862 /* CEEMedal.m */ = {isa = PBXFileReference; fileEncoding = 4; lastKnownFileType = sourcecode.c.objc; path = CEEMedal.m; sourceTree = "<group>"; };
		BB3209521CD9FC58009D1862 /* HUDNetworkErrorViewController.h */ = {isa = PBXFileReference; fileEncoding = 4; lastKnownFileType = sourcecode.c.h; path = HUDNetworkErrorViewController.h; sourceTree = "<group>"; };
		BB3209531CD9FC58009D1862 /* HUDNetworkErrorViewController.m */ = {isa = PBXFileReference; fileEncoding = 4; lastKnownFileType = sourcecode.c.objc; path = HUDNetworkErrorViewController.m; sourceTree = "<group>"; };
		BB3209561CDA17FF009D1862 /* CEEStoryLevelsAPI.h */ = {isa = PBXFileReference; fileEncoding = 4; lastKnownFileType = sourcecode.c.h; path = CEEStoryLevelsAPI.h; sourceTree = "<group>"; };
		BB3209571CDA17FF009D1862 /* CEEStoryLevelsAPI.m */ = {isa = PBXFileReference; fileEncoding = 4; lastKnownFileType = sourcecode.c.objc; path = CEEStoryLevelsAPI.m; sourceTree = "<group>"; };
		BB3209591CDA2003009D1862 /* StoryDialogViewController.h */ = {isa = PBXFileReference; fileEncoding = 4; lastKnownFileType = sourcecode.c.h; path = StoryDialogViewController.h; sourceTree = "<group>"; };
		BB32095A1CDA2003009D1862 /* StoryDialogViewController.m */ = {isa = PBXFileReference; fileEncoding = 4; lastKnownFileType = sourcecode.c.objc; path = StoryDialogViewController.m; sourceTree = "<group>"; };
		BB32095C1CDA2022009D1862 /* StoryNumberPuzzleViewController.h */ = {isa = PBXFileReference; fileEncoding = 4; lastKnownFileType = sourcecode.c.h; path = StoryNumberPuzzleViewController.h; sourceTree = "<group>"; };
		BB32095D1CDA2022009D1862 /* StoryNumberPuzzleViewController.m */ = {isa = PBXFileReference; fileEncoding = 4; lastKnownFileType = sourcecode.c.objc; path = StoryNumberPuzzleViewController.m; sourceTree = "<group>"; };
		BB32095F1CDA2033009D1862 /* StoryTextPuzzleViewController.h */ = {isa = PBXFileReference; fileEncoding = 4; lastKnownFileType = sourcecode.c.h; path = StoryTextPuzzleViewController.h; sourceTree = "<group>"; };
		BB3209601CDA2033009D1862 /* StoryTextPuzzleViewController.m */ = {isa = PBXFileReference; fileEncoding = 4; lastKnownFileType = sourcecode.c.objc; path = StoryTextPuzzleViewController.m; sourceTree = "<group>"; };
		BB3209621CDA204A009D1862 /* StoryH5ViewController.h */ = {isa = PBXFileReference; fileEncoding = 4; lastKnownFileType = sourcecode.c.h; path = StoryH5ViewController.h; sourceTree = "<group>"; };
		BB3209631CDA204A009D1862 /* StoryH5ViewController.m */ = {isa = PBXFileReference; fileEncoding = 4; lastKnownFileType = sourcecode.c.objc; path = StoryH5ViewController.m; sourceTree = "<group>"; };
		BB3209651CDA205C009D1862 /* StoryEmptyViewController.h */ = {isa = PBXFileReference; fileEncoding = 4; lastKnownFileType = sourcecode.c.h; path = StoryEmptyViewController.h; sourceTree = "<group>"; };
		BB3209661CDA205C009D1862 /* StoryEmptyViewController.m */ = {isa = PBXFileReference; fileEncoding = 4; lastKnownFileType = sourcecode.c.objc; path = StoryEmptyViewController.m; sourceTree = "<group>"; };
		BB3209681CDA2115009D1862 /* StoryVideoViewController.h */ = {isa = PBXFileReference; fileEncoding = 4; lastKnownFileType = sourcecode.c.h; path = StoryVideoViewController.h; sourceTree = "<group>"; };
		BB3209691CDA2115009D1862 /* StoryVideoViewController.m */ = {isa = PBXFileReference; fileEncoding = 4; lastKnownFileType = sourcecode.c.objc; path = StoryVideoViewController.m; sourceTree = "<group>"; };
		BB32096B1CDA2219009D1862 /* CEEStoriesManager.h */ = {isa = PBXFileReference; fileEncoding = 4; lastKnownFileType = sourcecode.c.h; path = CEEStoriesManager.h; sourceTree = "<group>"; };
		BB32096C1CDA2219009D1862 /* CEEStoriesManager.m */ = {isa = PBXFileReference; fileEncoding = 4; lastKnownFileType = sourcecode.c.objc; path = CEEStoriesManager.m; sourceTree = "<group>"; };
		BB32096E1CDA42BE009D1862 /* StoryLevelsRootViewController.h */ = {isa = PBXFileReference; fileEncoding = 4; lastKnownFileType = sourcecode.c.h; path = StoryLevelsRootViewController.h; sourceTree = "<group>"; };
		BB32096F1CDA42BE009D1862 /* StoryLevelsRootViewController.m */ = {isa = PBXFileReference; fileEncoding = 4; lastKnownFileType = sourcecode.c.objc; path = StoryLevelsRootViewController.m; sourceTree = "<group>"; };
		BB3209711CDB35FC009D1862 /* HUDNumberInputViewController.h */ = {isa = PBXFileReference; fileEncoding = 4; lastKnownFileType = sourcecode.c.h; path = HUDNumberInputViewController.h; sourceTree = "<group>"; };
		BB3209721CDB35FC009D1862 /* HUDNumberInputViewController.m */ = {isa = PBXFileReference; fileEncoding = 4; lastKnownFileType = sourcecode.c.objc; path = HUDNumberInputViewController.m; sourceTree = "<group>"; };
		BB3209741CDB90DE009D1862 /* CEENotificationNames.h */ = {isa = PBXFileReference; fileEncoding = 4; lastKnownFileType = sourcecode.c.h; path = CEENotificationNames.h; sourceTree = "<group>"; };
		BB3209751CDB92F8009D1862 /* StoryItemsViewController.h */ = {isa = PBXFileReference; fileEncoding = 4; lastKnownFileType = sourcecode.c.h; path = StoryItemsViewController.h; sourceTree = "<group>"; };
		BB3209761CDB92F8009D1862 /* StoryItemsViewController.m */ = {isa = PBXFileReference; fileEncoding = 4; lastKnownFileType = sourcecode.c.objc; path = StoryItemsViewController.m; sourceTree = "<group>"; };
		BB3209781CDB94B5009D1862 /* CEETriangleView.h */ = {isa = PBXFileReference; fileEncoding = 4; lastKnownFileType = sourcecode.c.h; path = CEETriangleView.h; sourceTree = "<group>"; };
		BB3209791CDB94B5009D1862 /* CEETriangleView.m */ = {isa = PBXFileReference; fileEncoding = 4; lastKnownFileType = sourcecode.c.objc; path = CEETriangleView.m; sourceTree = "<group>"; };
		BB32097B1CDBA785009D1862 /* StoryMemoryViewController.h */ = {isa = PBXFileReference; fileEncoding = 4; lastKnownFileType = sourcecode.c.h; path = StoryMemoryViewController.h; sourceTree = "<group>"; };
		BB32097C1CDBA785009D1862 /* StoryMemoryViewController.m */ = {isa = PBXFileReference; fileEncoding = 4; lastKnownFileType = sourcecode.c.objc; path = StoryMemoryViewController.m; sourceTree = "<group>"; };
		BB32097E1CDBA7D5009D1862 /* MemoryItemView.h */ = {isa = PBXFileReference; fileEncoding = 4; lastKnownFileType = sourcecode.c.h; path = MemoryItemView.h; sourceTree = "<group>"; };
		BB32097F1CDBA7D5009D1862 /* MemoryItemView.m */ = {isa = PBXFileReference; fileEncoding = 4; lastKnownFileType = sourcecode.c.objc; path = MemoryItemView.m; sourceTree = "<group>"; };
		BB3209811CDC0BD8009D1862 /* MemoryItemCollectionViewCell.h */ = {isa = PBXFileReference; fileEncoding = 4; lastKnownFileType = sourcecode.c.h; path = MemoryItemCollectionViewCell.h; sourceTree = "<group>"; };
		BB3209821CDC0BD8009D1862 /* MemoryItemCollectionViewCell.m */ = {isa = PBXFileReference; fileEncoding = 4; lastKnownFileType = sourcecode.c.objc; path = MemoryItemCollectionViewCell.m; sourceTree = "<group>"; };
		BB3209841CDC13D8009D1862 /* CEEStoryItemsAPI.h */ = {isa = PBXFileReference; fileEncoding = 4; lastKnownFileType = sourcecode.c.h; path = CEEStoryItemsAPI.h; sourceTree = "<group>"; };
		BB3209851CDC13D8009D1862 /* CEEStoryItemsAPI.m */ = {isa = PBXFileReference; fileEncoding = 4; lastKnownFileType = sourcecode.c.objc; path = CEEStoryItemsAPI.m; sourceTree = "<group>"; };
		BB3209871CDC2055009D1862 /* StoryItemCollectionViewCell.h */ = {isa = PBXFileReference; fileEncoding = 4; lastKnownFileType = sourcecode.c.h; path = StoryItemCollectionViewCell.h; sourceTree = "<group>"; };
		BB3209881CDC2055009D1862 /* StoryItemCollectionViewCell.m */ = {isa = PBXFileReference; fileEncoding = 4; lastKnownFileType = sourcecode.c.objc; path = StoryItemCollectionViewCell.m; sourceTree = "<group>"; };
		BB48E5B11CD05141005150C3 /* HUDFetchingMapView.h */ = {isa = PBXFileReference; fileEncoding = 4; lastKnownFileType = sourcecode.c.h; path = HUDFetchingMapView.h; sourceTree = "<group>"; };
		BB48E5B21CD05141005150C3 /* HUDFetchingMapView.m */ = {isa = PBXFileReference; fileEncoding = 4; lastKnownFileType = sourcecode.c.objc; path = HUDFetchingMapView.m; sourceTree = "<group>"; };
		BB48E5B41CD06BB4005150C3 /* AcquiredMapsViewController.h */ = {isa = PBXFileReference; fileEncoding = 4; lastKnownFileType = sourcecode.c.h; path = AcquiredMapsViewController.h; sourceTree = "<group>"; };
		BB48E5B51CD06BB4005150C3 /* AcquiredMapsViewController.m */ = {isa = PBXFileReference; fileEncoding = 4; lastKnownFileType = sourcecode.c.objc; path = AcquiredMapsViewController.m; sourceTree = "<group>"; };
		BB48E5B71CD07664005150C3 /* AcquiredMapCollectionViewCell.h */ = {isa = PBXFileReference; fileEncoding = 4; lastKnownFileType = sourcecode.c.h; path = AcquiredMapCollectionViewCell.h; sourceTree = "<group>"; };
		BB48E5B81CD07664005150C3 /* AcquiredMapCollectionViewCell.m */ = {isa = PBXFileReference; fileEncoding = 4; lastKnownFileType = sourcecode.c.objc; path = AcquiredMapCollectionViewCell.m; sourceTree = "<group>"; };
		BB48E5BA1CD07682005150C3 /* EmptyMapCollectionViewCell.h */ = {isa = PBXFileReference; fileEncoding = 4; lastKnownFileType = sourcecode.c.h; path = EmptyMapCollectionViewCell.h; sourceTree = "<group>"; };
		BB48E5BB1CD07682005150C3 /* EmptyMapCollectionViewCell.m */ = {isa = PBXFileReference; fileEncoding = 4; lastKnownFileType = sourcecode.c.objc; path = EmptyMapCollectionViewCell.m; sourceTree = "<group>"; };
		BB48E5BD1CD09D91005150C3 /* TaskViewController.h */ = {isa = PBXFileReference; fileEncoding = 4; lastKnownFileType = sourcecode.c.h; path = TaskViewController.h; sourceTree = "<group>"; };
		BB48E5BE1CD09D91005150C3 /* TaskViewController.m */ = {isa = PBXFileReference; fileEncoding = 4; lastKnownFileType = sourcecode.c.objc; path = TaskViewController.m; sourceTree = "<group>"; };
		BB48E5C01CD09E3E005150C3 /* TaskQuestionView.h */ = {isa = PBXFileReference; fileEncoding = 4; lastKnownFileType = sourcecode.c.h; path = TaskQuestionView.h; sourceTree = "<group>"; };
		BB48E5C11CD09E3E005150C3 /* TaskQuestionView.m */ = {isa = PBXFileReference; fileEncoding = 4; lastKnownFileType = sourcecode.c.objc; path = TaskQuestionView.m; sourceTree = "<group>"; };
		BB48E5C31CD0E4E3005150C3 /* TaskAnswerView.h */ = {isa = PBXFileReference; fileEncoding = 4; lastKnownFileType = sourcecode.c.h; path = TaskAnswerView.h; sourceTree = "<group>"; };
		BB48E5C41CD0E4E3005150C3 /* TaskAnswerView.m */ = {isa = PBXFileReference; fileEncoding = 4; lastKnownFileType = sourcecode.c.objc; path = TaskAnswerView.m; sourceTree = "<group>"; };
		BB48E5C61CD19EAD005150C3 /* HUDGetMedalView.h */ = {isa = PBXFileReference; fileEncoding = 4; lastKnownFileType = sourcecode.c.h; path = HUDGetMedalView.h; sourceTree = "<group>"; };
		BB48E5C71CD19EAD005150C3 /* HUDGetMedalView.m */ = {isa = PBXFileReference; fileEncoding = 4; lastKnownFileType = sourcecode.c.objc; path = HUDGetMedalView.m; sourceTree = "<group>"; };
		BB48E5C91CD1A603005150C3 /* HUDCouponAcquiringViewController.h */ = {isa = PBXFileReference; fileEncoding = 4; lastKnownFileType = sourcecode.c.h; path = HUDCouponAcquiringViewController.h; sourceTree = "<group>"; };
		BB48E5CA1CD1A603005150C3 /* HUDCouponAcquiringViewController.m */ = {isa = PBXFileReference; fileEncoding = 4; lastKnownFileType = sourcecode.c.objc; path = HUDCouponAcquiringViewController.m; sourceTree = "<group>"; };
		BB48E5CC1CD1B03E005150C3 /* HUDTaskCompletedViewController.h */ = {isa = PBXFileReference; fileEncoding = 4; lastKnownFileType = sourcecode.c.h; path = HUDTaskCompletedViewController.h; sourceTree = "<group>"; };
		BB48E5CD1CD1B03E005150C3 /* HUDTaskCompletedViewController.m */ = {isa = PBXFileReference; fileEncoding = 4; lastKnownFileType = sourcecode.c.objc; path = HUDTaskCompletedViewController.m; sourceTree = "<group>"; };
		BB48E5CF1CD465E3005150C3 /* HUDStoryFetchingViewController.h */ = {isa = PBXFileReference; fileEncoding = 4; lastKnownFileType = sourcecode.c.h; path = HUDStoryFetchingViewController.h; sourceTree = "<group>"; };
		BB48E5D01CD465E3005150C3 /* HUDStoryFetchingViewController.m */ = {isa = PBXFileReference; fileEncoding = 4; lastKnownFileType = sourcecode.c.objc; path = HUDStoryFetchingViewController.m; sourceTree = "<group>"; };
		BB48E5D21CD482D1005150C3 /* HTTPStatusCodes.h */ = {isa = PBXFileReference; fileEncoding = 4; lastKnownFileType = sourcecode.c.h; path = HTTPStatusCodes.h; sourceTree = "<group>"; };
		BB48E5D31CD489C0005150C3 /* CEEUploadManager.h */ = {isa = PBXFileReference; fileEncoding = 4; lastKnownFileType = sourcecode.c.h; path = CEEUploadManager.h; sourceTree = "<group>"; };
		BB48E5D41CD489C0005150C3 /* CEEUploadManager.m */ = {isa = PBXFileReference; fileEncoding = 4; lastKnownFileType = sourcecode.c.objc; path = CEEUploadManager.m; sourceTree = "<group>"; };
		BB48E5D61CD4BB46005150C3 /* CEECouponListAPI.h */ = {isa = PBXFileReference; fileEncoding = 4; lastKnownFileType = sourcecode.c.h; path = CEECouponListAPI.h; sourceTree = "<group>"; };
		BB48E5D71CD4BB46005150C3 /* CEECouponListAPI.m */ = {isa = PBXFileReference; fileEncoding = 4; lastKnownFileType = sourcecode.c.objc; path = CEECouponListAPI.m; sourceTree = "<group>"; };
		BB48E5D91CD4BE25005150C3 /* CEECoupon.h */ = {isa = PBXFileReference; fileEncoding = 4; lastKnownFileType = sourcecode.c.h; path = CEECoupon.h; sourceTree = "<group>"; };
		BB48E5DA1CD4BE25005150C3 /* CEECoupon.m */ = {isa = PBXFileReference; fileEncoding = 4; lastKnownFileType = sourcecode.c.objc; path = CEECoupon.m; sourceTree = "<group>"; };
		BB4D856A1CC3502A00754484 /* StoryInfoView.h */ = {isa = PBXFileReference; fileEncoding = 4; lastKnownFileType = sourcecode.c.h; path = StoryInfoView.h; sourceTree = "<group>"; };
		BB4D856B1CC3502A00754484 /* StoryInfoView.m */ = {isa = PBXFileReference; fileEncoding = 4; lastKnownFileType = sourcecode.c.objc; path = StoryInfoView.m; sourceTree = "<group>"; };
		BB6103961CC46E5300350809 /* RefreshingPanel.h */ = {isa = PBXFileReference; fileEncoding = 4; lastKnownFileType = sourcecode.c.h; path = RefreshingPanel.h; sourceTree = "<group>"; };
		BB6103971CC46E5300350809 /* RefreshingPanel.m */ = {isa = PBXFileReference; fileEncoding = 4; lastKnownFileType = sourcecode.c.objc; path = RefreshingPanel.m; sourceTree = "<group>"; };
		BB6103991CC478C200350809 /* LoginViewController.h */ = {isa = PBXFileReference; fileEncoding = 4; lastKnownFileType = sourcecode.c.h; path = LoginViewController.h; sourceTree = "<group>"; };
		BB61039A1CC478C200350809 /* LoginViewController.m */ = {isa = PBXFileReference; fileEncoding = 4; lastKnownFileType = sourcecode.c.objc; path = LoginViewController.m; sourceTree = "<group>"; };
		BB61039C1CC47B2000350809 /* ThirdPartyLoginButton.h */ = {isa = PBXFileReference; fileEncoding = 4; lastKnownFileType = sourcecode.c.h; path = ThirdPartyLoginButton.h; sourceTree = "<group>"; };
		BB61039D1CC47B2000350809 /* ThirdPartyLoginButton.m */ = {isa = PBXFileReference; fileEncoding = 4; lastKnownFileType = sourcecode.c.objc; path = ThirdPartyLoginButton.m; sourceTree = "<group>"; };
		BB61039F1CC5088100350809 /* RegisterViewController.h */ = {isa = PBXFileReference; fileEncoding = 4; lastKnownFileType = sourcecode.c.h; path = RegisterViewController.h; sourceTree = "<group>"; };
		BB6103A01CC5088100350809 /* RegisterViewController.m */ = {isa = PBXFileReference; fileEncoding = 4; lastKnownFileType = sourcecode.c.objc; path = RegisterViewController.m; sourceTree = "<group>"; };
		BB6103A21CC50DB100350809 /* VerificationCodeViewController.h */ = {isa = PBXFileReference; fileEncoding = 4; lastKnownFileType = sourcecode.c.h; path = VerificationCodeViewController.h; sourceTree = "<group>"; };
		BB6103A31CC50DB100350809 /* VerificationCodeViewController.m */ = {isa = PBXFileReference; fileEncoding = 4; lastKnownFileType = sourcecode.c.objc; path = VerificationCodeViewController.m; sourceTree = "<group>"; };
		BB6103A51CC5199100350809 /* FillProfileViewController.h */ = {isa = PBXFileReference; fileEncoding = 4; lastKnownFileType = sourcecode.c.h; path = FillProfileViewController.h; sourceTree = "<group>"; };
		BB6103A61CC5199100350809 /* FillProfileViewController.m */ = {isa = PBXFileReference; fileEncoding = 4; lastKnownFileType = sourcecode.c.objc; path = FillProfileViewController.m; sourceTree = "<group>"; };
		BB6103A81CC62AB300350809 /* ServerConfig.h */ = {isa = PBXFileReference; fileEncoding = 4; lastKnownFileType = sourcecode.c.h; path = ServerConfig.h; sourceTree = "<group>"; };
		BB6103A91CC62AB300350809 /* ServerConfig.m */ = {isa = PBXFileReference; fileEncoding = 4; lastKnownFileType = sourcecode.c.objc; path = ServerConfig.m; sourceTree = "<group>"; };
		BB6103AC1CC6336300350809 /* JSONResponseSerializer.h */ = {isa = PBXFileReference; fileEncoding = 4; lastKnownFileType = sourcecode.c.h; path = JSONResponseSerializer.h; sourceTree = "<group>"; };
		BB6103AD1CC6336300350809 /* JSONResponseSerializer.m */ = {isa = PBXFileReference; fileEncoding = 4; lastKnownFileType = sourcecode.c.objc; path = JSONResponseSerializer.m; sourceTree = "<group>"; };
		BB6103AF1CC671A400350809 /* CEEAPIClient.h */ = {isa = PBXFileReference; fileEncoding = 4; lastKnownFileType = sourcecode.c.h; path = CEEAPIClient.h; sourceTree = "<group>"; };
		BB6103B01CC671A400350809 /* CEEAPIClient.m */ = {isa = PBXFileReference; fileEncoding = 4; lastKnownFileType = sourcecode.c.objc; path = CEEAPIClient.m; sourceTree = "<group>"; };
		BB6103B31CC67A6300350809 /* CEEBaseAPI.h */ = {isa = PBXFileReference; fileEncoding = 4; lastKnownFileType = sourcecode.c.h; path = CEEBaseAPI.h; sourceTree = "<group>"; };
		BB6103B41CC67A6300350809 /* CEEBaseAPI.m */ = {isa = PBXFileReference; fileEncoding = 4; lastKnownFileType = sourcecode.c.objc; path = CEEBaseAPI.m; sourceTree = "<group>"; };
		BB6103B61CC68D5000350809 /* CEELoginAPI.h */ = {isa = PBXFileReference; fileEncoding = 4; lastKnownFileType = sourcecode.c.h; path = CEELoginAPI.h; sourceTree = "<group>"; };
		BB6103B71CC68D5000350809 /* CEELoginAPI.m */ = {isa = PBXFileReference; fileEncoding = 4; lastKnownFileType = sourcecode.c.objc; path = CEELoginAPI.m; sourceTree = "<group>"; };
		BB6103B91CC7295F00350809 /* CEEAppearanceManager.h */ = {isa = PBXFileReference; fileEncoding = 4; lastKnownFileType = sourcecode.c.h; path = CEEAppearanceManager.h; sourceTree = "<group>"; };
		BB6103BA1CC7295F00350809 /* CEEAppearanceManager.m */ = {isa = PBXFileReference; fileEncoding = 4; lastKnownFileType = sourcecode.c.objc; path = CEEAppearanceManager.m; sourceTree = "<group>"; };
		BB6103BC1CC7A5A100350809 /* CEEUserSession.h */ = {isa = PBXFileReference; fileEncoding = 4; lastKnownFileType = sourcecode.c.h; path = CEEUserSession.h; sourceTree = "<group>"; };
		BB6103BD1CC7A5A100350809 /* CEEUserSession.m */ = {isa = PBXFileReference; fileEncoding = 4; lastKnownFileType = sourcecode.c.objc; path = CEEUserSession.m; sourceTree = "<group>"; };
		BB6103BF1CC7ABE700350809 /* CEEDatabase.h */ = {isa = PBXFileReference; fileEncoding = 4; lastKnownFileType = sourcecode.c.h; path = CEEDatabase.h; sourceTree = "<group>"; };
		BB6103C01CC7ABE700350809 /* CEEDatabase.m */ = {isa = PBXFileReference; fileEncoding = 4; lastKnownFileType = sourcecode.c.objc; path = CEEDatabase.m; sourceTree = "<group>"; };
		BB6103C21CC7E0FF00350809 /* CoreLocation.framework */ = {isa = PBXFileReference; lastKnownFileType = wrapper.framework; name = CoreLocation.framework; path = System/Library/Frameworks/CoreLocation.framework; sourceTree = SDKROOT; };
		BB6103C41CC7E10C00350809 /* MapKit.framework */ = {isa = PBXFileReference; lastKnownFileType = wrapper.framework; name = MapKit.framework; path = System/Library/Frameworks/MapKit.framework; sourceTree = SDKROOT; };
		BB6103C61CC7E13000350809 /* CEELocationManager.h */ = {isa = PBXFileReference; fileEncoding = 4; lastKnownFileType = sourcecode.c.h; path = CEELocationManager.h; sourceTree = "<group>"; };
		BB6103C71CC7E13000350809 /* CEELocationManager.m */ = {isa = PBXFileReference; fileEncoding = 4; lastKnownFileType = sourcecode.c.objc; path = CEELocationManager.m; sourceTree = "<group>"; };
		BB6103CB1CC8570B00350809 /* AIDatePickerController.h */ = {isa = PBXFileReference; fileEncoding = 4; lastKnownFileType = sourcecode.c.h; path = AIDatePickerController.h; sourceTree = "<group>"; };
		BB6103CC1CC8570B00350809 /* AIDatePickerController.m */ = {isa = PBXFileReference; fileEncoding = 4; lastKnownFileType = sourcecode.c.objc; path = AIDatePickerController.m; sourceTree = "<group>"; };
		BB6AD2E71CC206EE00A1E0F7 /* CouponScrollView.h */ = {isa = PBXFileReference; fileEncoding = 4; lastKnownFileType = sourcecode.c.h; path = CouponScrollView.h; sourceTree = "<group>"; };
		BB6AD2E81CC206EE00A1E0F7 /* CouponScrollView.m */ = {isa = PBXFileReference; fileEncoding = 4; lastKnownFileType = sourcecode.c.objc; path = CouponScrollView.m; sourceTree = "<group>"; };
		BB6AD2EA1CC21E2900A1E0F7 /* HUDBaseView.h */ = {isa = PBXFileReference; fileEncoding = 4; lastKnownFileType = sourcecode.c.h; path = HUDBaseView.h; sourceTree = "<group>"; };
		BB6AD2EB1CC21E2900A1E0F7 /* HUDBaseView.m */ = {isa = PBXFileReference; fileEncoding = 4; lastKnownFileType = sourcecode.c.objc; path = HUDBaseView.m; sourceTree = "<group>"; };
		BB6AD2ED1CC2287200A1E0F7 /* Localizable.strings */ = {isa = PBXFileReference; fileEncoding = 4; lastKnownFileType = text.plist.strings; path = Localizable.strings; sourceTree = "<group>"; };
		BB6AD2F01CC228DD00A1E0F7 /* UtilsMacros.h */ = {isa = PBXFileReference; lastKnownFileType = sourcecode.c.h; path = UtilsMacros.h; sourceTree = "<group>"; };
		BB6AD2F21CC24F7300A1E0F7 /* SourceHanSansCN-Bold.otf */ = {isa = PBXFileReference; lastKnownFileType = file; path = "SourceHanSansCN-Bold.otf"; sourceTree = "<group>"; };
		BB6AD2F31CC24F7300A1E0F7 /* SourceHanSansCN-ExtraLight.otf */ = {isa = PBXFileReference; lastKnownFileType = file; path = "SourceHanSansCN-ExtraLight.otf"; sourceTree = "<group>"; };
		BB6AD2F41CC24F7300A1E0F7 /* SourceHanSansCN-Heavy.otf */ = {isa = PBXFileReference; lastKnownFileType = file; path = "SourceHanSansCN-Heavy.otf"; sourceTree = "<group>"; };
		BB6AD2F51CC24F7300A1E0F7 /* SourceHanSansCN-Light.otf */ = {isa = PBXFileReference; lastKnownFileType = file; path = "SourceHanSansCN-Light.otf"; sourceTree = "<group>"; };
		BB6AD2F61CC24F7300A1E0F7 /* SourceHanSansCN-Medium.otf */ = {isa = PBXFileReference; lastKnownFileType = file; path = "SourceHanSansCN-Medium.otf"; sourceTree = "<group>"; };
		BB6AD2F71CC24F7300A1E0F7 /* SourceHanSansCN-Normal.otf */ = {isa = PBXFileReference; lastKnownFileType = file; path = "SourceHanSansCN-Normal.otf"; sourceTree = "<group>"; };
		BB6AD2F81CC24F7300A1E0F7 /* SourceHanSansCN-Regular.otf */ = {isa = PBXFileReference; lastKnownFileType = file; path = "SourceHanSansCN-Regular.otf"; sourceTree = "<group>"; };
		BB6AD3001CC2512500A1E0F7 /* AppearanceConstants.h */ = {isa = PBXFileReference; fileEncoding = 4; lastKnownFileType = sourcecode.c.h; path = AppearanceConstants.h; sourceTree = "<group>"; };
		BB6AD3011CC2512500A1E0F7 /* AppearanceConstants.m */ = {isa = PBXFileReference; fileEncoding = 4; lastKnownFileType = sourcecode.c.objc; path = AppearanceConstants.m; sourceTree = "<group>"; };
		BB6AD3031CC2528900A1E0F7 /* CEEUtils.h */ = {isa = PBXFileReference; fileEncoding = 4; lastKnownFileType = sourcecode.c.h; path = CEEUtils.h; sourceTree = "<group>"; };
		BB6AD3041CC2528900A1E0F7 /* CEEUtils.m */ = {isa = PBXFileReference; fileEncoding = 4; lastKnownFileType = sourcecode.c.objc; path = CEEUtils.m; sourceTree = "<group>"; };
		BB6AD3061CC265CD00A1E0F7 /* Gobold-Regular.ttf */ = {isa = PBXFileReference; lastKnownFileType = file; path = "Gobold-Regular.ttf"; sourceTree = "<group>"; };
		BB6AD3081CC26B5A00A1E0F7 /* StoryTableViewCell.h */ = {isa = PBXFileReference; fileEncoding = 4; lastKnownFileType = sourcecode.c.h; path = StoryTableViewCell.h; sourceTree = "<group>"; };
		BB6AD3091CC26B5A00A1E0F7 /* StoryTableViewCell.m */ = {isa = PBXFileReference; fileEncoding = 4; lastKnownFileType = sourcecode.c.objc; path = StoryTableViewCell.m; sourceTree = "<group>"; };
		BB6AD30B1CC26F5C00A1E0F7 /* StoryTableViewCellMenuView.h */ = {isa = PBXFileReference; fileEncoding = 4; lastKnownFileType = sourcecode.c.h; path = StoryTableViewCellMenuView.h; sourceTree = "<group>"; };
		BB6AD30C1CC26F5C00A1E0F7 /* StoryTableViewCellMenuView.m */ = {isa = PBXFileReference; fileEncoding = 4; lastKnownFileType = sourcecode.c.objc; path = StoryTableViewCellMenuView.m; sourceTree = "<group>"; };
		BB6AD3141CC322E000A1E0F7 /* UIImage+Utils.h */ = {isa = PBXFileReference; fileEncoding = 4; lastKnownFileType = sourcecode.c.h; path = "UIImage+Utils.h"; sourceTree = "<group>"; };
		BB6AD3151CC322E000A1E0F7 /* UIImage+Utils.m */ = {isa = PBXFileReference; fileEncoding = 4; lastKnownFileType = sourcecode.c.objc; path = "UIImage+Utils.m"; sourceTree = "<group>"; };
		BB6AD3171CC32B9300A1E0F7 /* StoryCoverViewController.h */ = {isa = PBXFileReference; fileEncoding = 4; lastKnownFileType = sourcecode.c.h; path = StoryCoverViewController.h; sourceTree = "<group>"; };
		BB6AD3181CC32B9300A1E0F7 /* StoryCoverViewController.m */ = {isa = PBXFileReference; fileEncoding = 4; lastKnownFileType = sourcecode.c.objc; path = StoryCoverViewController.m; sourceTree = "<group>"; };
		BB6AD31A1CC32FED00A1E0F7 /* StoryDifficultyView.h */ = {isa = PBXFileReference; fileEncoding = 4; lastKnownFileType = sourcecode.c.h; path = StoryDifficultyView.h; sourceTree = "<group>"; };
		BB6AD31B1CC32FED00A1E0F7 /* StoryDifficultyView.m */ = {isa = PBXFileReference; fileEncoding = 4; lastKnownFileType = sourcecode.c.objc; path = StoryDifficultyView.m; sourceTree = "<group>"; };
		BB6AD31D1CC3309100A1E0F7 /* StoryTagView.h */ = {isa = PBXFileReference; fileEncoding = 4; lastKnownFileType = sourcecode.c.h; path = StoryTagView.h; sourceTree = "<group>"; };
		BB6AD31E1CC3309100A1E0F7 /* StoryTagView.m */ = {isa = PBXFileReference; fileEncoding = 4; lastKnownFileType = sourcecode.c.objc; path = StoryTagView.m; sourceTree = "<group>"; };
		BBA532301CBBC56500282D3E /* CEE.app */ = {isa = PBXFileReference; explicitFileType = wrapper.application; includeInIndex = 0; path = CEE.app; sourceTree = BUILT_PRODUCTS_DIR; };
		BBA532341CBBC56500282D3E /* main.m */ = {isa = PBXFileReference; lastKnownFileType = sourcecode.c.objc; path = main.m; sourceTree = "<group>"; };
		BBA532361CBBC56500282D3E /* AppDelegate.h */ = {isa = PBXFileReference; lastKnownFileType = sourcecode.c.h; path = AppDelegate.h; sourceTree = "<group>"; };
		BBA532371CBBC56500282D3E /* AppDelegate.m */ = {isa = PBXFileReference; lastKnownFileType = sourcecode.c.objc; path = AppDelegate.m; sourceTree = "<group>"; };
		BBA5323F1CBBC56500282D3E /* Assets.xcassets */ = {isa = PBXFileReference; lastKnownFileType = folder.assetcatalog; path = Assets.xcassets; sourceTree = "<group>"; };
		BBA532441CBBC56500282D3E /* Info.plist */ = {isa = PBXFileReference; lastKnownFileType = text.plist.xml; path = Info.plist; sourceTree = "<group>"; };
		BBA5324C1CBBD0F500282D3E /* RootViewController.h */ = {isa = PBXFileReference; fileEncoding = 4; lastKnownFileType = sourcecode.c.h; path = RootViewController.h; sourceTree = "<group>"; };
		BBA5324D1CBBD0F500282D3E /* RootViewController.m */ = {isa = PBXFileReference; fileEncoding = 4; lastKnownFileType = sourcecode.c.objc; path = RootViewController.m; sourceTree = "<group>"; };
		BBA532521CBBD11100282D3E /* SDKManager.h */ = {isa = PBXFileReference; fileEncoding = 4; lastKnownFileType = sourcecode.c.h; path = SDKManager.h; sourceTree = "<group>"; };
		BBA532531CBBD11100282D3E /* SDKManager.m */ = {isa = PBXFileReference; fileEncoding = 4; lastKnownFileType = sourcecode.c.objc; path = SDKManager.m; sourceTree = "<group>"; };
		BBA532571CBBD5DB00282D3E /* Base */ = {isa = PBXFileReference; lastKnownFileType = file.storyboard; name = Base; path = Base.lproj/LaunchScreen.storyboard; sourceTree = "<group>"; };
		BBA532591CBBDA4A00282D3E /* DrawerViewController.h */ = {isa = PBXFileReference; fileEncoding = 4; lastKnownFileType = sourcecode.c.h; path = DrawerViewController.h; sourceTree = "<group>"; };
		BBA5325A1CBBDA4A00282D3E /* DrawerViewController.m */ = {isa = PBXFileReference; fileEncoding = 4; lastKnownFileType = sourcecode.c.objc; path = DrawerViewController.m; sourceTree = "<group>"; };
		BBA5325C1CBBDA5900282D3E /* WorldViewController.h */ = {isa = PBXFileReference; fileEncoding = 4; lastKnownFileType = sourcecode.c.h; path = WorldViewController.h; sourceTree = "<group>"; };
		BBA5325D1CBBDA5900282D3E /* WorldViewController.m */ = {isa = PBXFileReference; fileEncoding = 4; lastKnownFileType = sourcecode.c.objc; path = WorldViewController.m; sourceTree = "<group>"; };
		BBA5325F1CBBDA6A00282D3E /* StoriesViewController.h */ = {isa = PBXFileReference; fileEncoding = 4; lastKnownFileType = sourcecode.c.h; path = StoriesViewController.h; sourceTree = "<group>"; };
		BBA532601CBBDA6A00282D3E /* StoriesViewController.m */ = {isa = PBXFileReference; fileEncoding = 4; lastKnownFileType = sourcecode.c.objc; path = StoriesViewController.m; sourceTree = "<group>"; };
		BBA532621CBBDA9E00282D3E /* MessageViewController.h */ = {isa = PBXFileReference; fileEncoding = 4; lastKnownFileType = sourcecode.c.h; path = MessageViewController.h; sourceTree = "<group>"; };
		BBA532631CBBDA9E00282D3E /* MessageViewController.m */ = {isa = PBXFileReference; fileEncoding = 4; lastKnownFileType = sourcecode.c.objc; path = MessageViewController.m; sourceTree = "<group>"; };
		F8BCF04570751620B227FDFA /* Pods-CEE.release.xcconfig */ = {isa = PBXFileReference; includeInIndex = 1; lastKnownFileType = text.xcconfig; name = "Pods-CEE.release.xcconfig"; path = "Pods/Target Support Files/Pods-CEE/Pods-CEE.release.xcconfig"; sourceTree = "<group>"; };
/* End PBXFileReference section */

/* Begin PBXFrameworksBuildPhase section */
		BBA5322D1CBBC56500282D3E /* Frameworks */ = {
			isa = PBXFrameworksBuildPhase;
			buildActionMask = 2147483647;
			files = (
				BB6103C51CC7E10C00350809 /* MapKit.framework in Frameworks */,
				BB6103C31CC7E0FF00350809 /* CoreLocation.framework in Frameworks */,
				DBE2B2942E7909B051221FF0 /* Pods_CEE.framework in Frameworks */,
			);
			runOnlyForDeploymentPostprocessing = 0;
		};
/* End PBXFrameworksBuildPhase section */

/* Begin PBXGroup section */
		776D73916CBD9193D6B0A815 /* Frameworks */ = {
			isa = PBXGroup;
			children = (
				BB6103C41CC7E10C00350809 /* MapKit.framework */,
				BB6103C21CC7E0FF00350809 /* CoreLocation.framework */,
				6F33B289AB3942036A5E07CD /* Pods_CEE.framework */,
			);
			name = Frameworks;
			sourceTree = "<group>";
		};
		88ABD1A048EDE3AD129BFD87 /* Pods */ = {
			isa = PBXGroup;
			children = (
				7FB126723455BB0F0F8BE026 /* Pods-CEE.debug.xcconfig */,
				F8BCF04570751620B227FDFA /* Pods-CEE.release.xcconfig */,
			);
			name = Pods;
			sourceTree = "<group>";
		};
		BB29EF331CC90A3F001C25B6 /* TLCityPicker */ = {
			isa = PBXGroup;
			children = (
				BB29EF341CC90A3F001C25B6 /* CityData.plist */,
				BB29EF351CC90A3F001C25B6 /* TLCity.h */,
				BB29EF361CC90A3F001C25B6 /* TLCity.m */,
				BB29EF371CC90A3F001C25B6 /* TLCityGroupCell.h */,
				BB29EF381CC90A3F001C25B6 /* TLCityGroupCell.m */,
				BB29EF391CC90A3F001C25B6 /* TLCityHeaderView.h */,
				BB29EF3A1CC90A3F001C25B6 /* TLCityHeaderView.m */,
				BB29EF3B1CC90A3F001C25B6 /* TLCityPickerController.h */,
				BB29EF3C1CC90A3F001C25B6 /* TLCityPickerController.m */,
				BB29EF3D1CC90A3F001C25B6 /* TLCityPickerDelegate.h */,
				BB29EF3E1CC90A3F001C25B6 /* TLCityPickerSearchResultController.h */,
				BB29EF3F1CC90A3F001C25B6 /* TLCityPickerSearchResultController.m */,
			);
			path = TLCityPicker;
			sourceTree = "<group>";
		};
		BB6103AB1CC6301300350809 /* Services */ = {
			isa = PBXGroup;
			children = (
				BB6103B21CC67A1A00350809 /* API */,
				BB6103AC1CC6336300350809 /* JSONResponseSerializer.h */,
				BB6103AD1CC6336300350809 /* JSONResponseSerializer.m */,
				BB6103AF1CC671A400350809 /* CEEAPIClient.h */,
				BB6103B01CC671A400350809 /* CEEAPIClient.m */,
				BB6103B31CC67A6300350809 /* CEEBaseAPI.h */,
				BB6103B41CC67A6300350809 /* CEEBaseAPI.m */,
			);
			path = Services;
			sourceTree = "<group>";
		};
		BB6103B21CC67A1A00350809 /* API */ = {
			isa = PBXGroup;
			children = (
				BB6103B61CC68D5000350809 /* CEELoginAPI.h */,
				BB6103B71CC68D5000350809 /* CEELoginAPI.m */,
				BB29EF461CC9D966001C25B6 /* CEERegisterAPI.h */,
				BB29EF471CC9D966001C25B6 /* CEERegisterAPI.m */,
				BB29EF491CC9DF68001C25B6 /* CEESaveUserProfileAPI.h */,
				BB29EF4A1CC9DF68001C25B6 /* CEESaveUserProfileAPI.m */,
				BB29EF4C1CC9E474001C25B6 /* CEEUploadTokenAPI.h */,
				BB29EF4D1CC9E474001C25B6 /* CEEUploadTokenAPI.m */,
				BB29EF551CCA4716001C25B6 /* CEEDownloadURLAPI.h */,
				BB29EF561CCA4716001C25B6 /* CEEDownloadURLAPI.m */,
				BB29EF581CCA5D7A001C25B6 /* CEEFetchUserProfileAPI.h */,
				BB29EF591CCA5D7A001C25B6 /* CEEFetchUserProfileAPI.m */,
				BB48E5D61CD4BB46005150C3 /* CEECouponListAPI.h */,
				BB48E5D71CD4BB46005150C3 /* CEECouponListAPI.m */,
				BB3209161CD4E7D7009D1862 /* CEEStoryListAPI.h */,
				BB3209171CD4E7D7009D1862 /* CEEStoryListAPI.m */,
				BB3209191CD6C9C2009D1862 /* CEECouponConsumeAPI.h */,
				BB32091A1CD6C9C2009D1862 /* CEECouponConsumeAPI.m */,
				BB3209221CD72253009D1862 /* CEENearestMapAPI.h */,
				BB3209231CD72253009D1862 /* CEENearestMapAPI.m */,
				BB32092B1CD7490D009D1862 /* CEEAnchorsAPI.h */,
				BB32092C1CD7490D009D1862 /* CEEAnchorsAPI.m */,
				BB3209311CD764A6009D1862 /* CEEAcquiredMapsAPI.h */,
				BB3209321CD764A6009D1862 /* CEEAcquiredMapsAPI.m */,
				BB3209371CD78D38009D1862 /* CEETaskAPI.h */,
				BB3209381CD78D38009D1862 /* CEETaskAPI.m */,
				BB32093A1CD83707009D1862 /* CEETaskCompleteAPI.h */,
				BB32093B1CD83707009D1862 /* CEETaskCompleteAPI.m */,
				BB32094C1CD9E43A009D1862 /* CEEMedalListAPI.h */,
				BB32094D1CD9E43A009D1862 /* CEEMedalListAPI.m */,
				BB3209561CDA17FF009D1862 /* CEEStoryLevelsAPI.h */,
				BB3209571CDA17FF009D1862 /* CEEStoryLevelsAPI.m */,
				BB3209841CDC13D8009D1862 /* CEEStoryItemsAPI.h */,
				BB3209851CDC13D8009D1862 /* CEEStoryItemsAPI.m */,
			);
			path = API;
			sourceTree = "<group>";
		};
		BB6103C91CC8570B00350809 /* Libs */ = {
			isa = PBXGroup;
			children = (
				BB29EF331CC90A3F001C25B6 /* TLCityPicker */,
				BB6103CA1CC8570B00350809 /* AIDatePickerController */,
			);
			path = Libs;
			sourceTree = "<group>";
		};
		BB6103CA1CC8570B00350809 /* AIDatePickerController */ = {
			isa = PBXGroup;
			children = (
				BB6103CB1CC8570B00350809 /* AIDatePickerController.h */,
				BB6103CC1CC8570B00350809 /* AIDatePickerController.m */,
			);
			path = AIDatePickerController;
			sourceTree = "<group>";
		};
		BB6AD2EF1CC228C500A1E0F7 /* Utils */ = {
			isa = PBXGroup;
			children = (
				BB6AD2F01CC228DD00A1E0F7 /* UtilsMacros.h */,
				BB6AD3031CC2528900A1E0F7 /* CEEUtils.h */,
				BB6AD3041CC2528900A1E0F7 /* CEEUtils.m */,
				BB6AD3141CC322E000A1E0F7 /* UIImage+Utils.h */,
				BB6AD3151CC322E000A1E0F7 /* UIImage+Utils.m */,
				BB32091F1CD6F09F009D1862 /* UIImageView+Utils.h */,
				BB3209201CD6F09F009D1862 /* UIImageView+Utils.m */,
			);
			path = Utils;
			sourceTree = "<group>";
		};
		BB6AD2F11CC24F4D00A1E0F7 /* Resource */ = {
			isa = PBXGroup;
			children = (
				BB29EF641CCC7098001C25B6 /* map-sample.png */,
				BB6AD3061CC265CD00A1E0F7 /* Gobold-Regular.ttf */,
				BB6AD2F21CC24F7300A1E0F7 /* SourceHanSansCN-Bold.otf */,
				BB6AD2F31CC24F7300A1E0F7 /* SourceHanSansCN-ExtraLight.otf */,
				BB6AD2F41CC24F7300A1E0F7 /* SourceHanSansCN-Heavy.otf */,
				BB6AD2F51CC24F7300A1E0F7 /* SourceHanSansCN-Light.otf */,
				BB6AD2F61CC24F7300A1E0F7 /* SourceHanSansCN-Medium.otf */,
				BB6AD2F71CC24F7300A1E0F7 /* SourceHanSansCN-Normal.otf */,
				BB6AD2F81CC24F7300A1E0F7 /* SourceHanSansCN-Regular.otf */,
			);
			path = Resource;
			sourceTree = "<group>";
		};
		BBA532271CBBC56500282D3E = {
			isa = PBXGroup;
			children = (
				BBA532321CBBC56500282D3E /* CEE */,
				BBA532311CBBC56500282D3E /* Products */,
				88ABD1A048EDE3AD129BFD87 /* Pods */,
				776D73916CBD9193D6B0A815 /* Frameworks */,
			);
			sourceTree = "<group>";
		};
		BBA532311CBBC56500282D3E /* Products */ = {
			isa = PBXGroup;
			children = (
				BBA532301CBBC56500282D3E /* CEE.app */,
			);
			name = Products;
			sourceTree = "<group>";
		};
		BBA532321CBBC56500282D3E /* CEE */ = {
			isa = PBXGroup;
			children = (
				BB6103C91CC8570B00350809 /* Libs */,
				BB6103AB1CC6301300350809 /* Services */,
				BB6AD2EF1CC228C500A1E0F7 /* Utils */,
				BBA532561CBBD5DB00282D3E /* LaunchScreen.storyboard */,
				BBA5324A1CBBD0F500282D3E /* Constants */,
				BBA5324B1CBBD0F500282D3E /* Controllers */,
				BBA5324E1CBBD0F500282D3E /* Managers */,
				BBA5324F1CBBD0F500282D3E /* Models */,
				BBA532501CBBD0F500282D3E /* Views */,
				BBA532361CBBC56500282D3E /* AppDelegate.h */,
				BBA532371CBBC56500282D3E /* AppDelegate.m */,
				BBA5323F1CBBC56500282D3E /* Assets.xcassets */,
				BBA532441CBBC56500282D3E /* Info.plist */,
				BBA532331CBBC56500282D3E /* Supporting Files */,
			);
			path = CEE;
			sourceTree = "<group>";
		};
		BBA532331CBBC56500282D3E /* Supporting Files */ = {
			isa = PBXGroup;
			children = (
				BB6AD2F11CC24F4D00A1E0F7 /* Resource */,
				BBA532341CBBC56500282D3E /* main.m */,
			);
			name = "Supporting Files";
			sourceTree = "<group>";
		};
		BBA5324A1CBBD0F500282D3E /* Constants */ = {
			isa = PBXGroup;
			children = (
				BB3209741CDB90DE009D1862 /* CEENotificationNames.h */,
				BB48E5D21CD482D1005150C3 /* HTTPStatusCodes.h */,
				BB6AD2ED1CC2287200A1E0F7 /* Localizable.strings */,
				BB6AD3001CC2512500A1E0F7 /* AppearanceConstants.h */,
				BB6AD3011CC2512500A1E0F7 /* AppearanceConstants.m */,
			);
			path = Constants;
			sourceTree = "<group>";
		};
		BBA5324B1CBBD0F500282D3E /* Controllers */ = {
			isa = PBXGroup;
			children = (
				BB61039F1CC5088100350809 /* RegisterViewController.h */,
				BB6103A01CC5088100350809 /* RegisterViewController.m */,
				BBA5324C1CBBD0F500282D3E /* RootViewController.h */,
				BBA5324D1CBBD0F500282D3E /* RootViewController.m */,
				BBA532591CBBDA4A00282D3E /* DrawerViewController.h */,
				BBA5325A1CBBDA4A00282D3E /* DrawerViewController.m */,
				BBA5325C1CBBDA5900282D3E /* WorldViewController.h */,
				BBA5325D1CBBDA5900282D3E /* WorldViewController.m */,
				BBA5325F1CBBDA6A00282D3E /* StoriesViewController.h */,
				BBA532601CBBDA6A00282D3E /* StoriesViewController.m */,
				BBA532621CBBDA9E00282D3E /* MessageViewController.h */,
				BBA532631CBBDA9E00282D3E /* MessageViewController.m */,
				BB6AD3171CC32B9300A1E0F7 /* StoryCoverViewController.h */,
				BB6AD3181CC32B9300A1E0F7 /* StoryCoverViewController.m */,
				BB6103991CC478C200350809 /* LoginViewController.h */,
				BB61039A1CC478C200350809 /* LoginViewController.m */,
				BB6103A21CC50DB100350809 /* VerificationCodeViewController.h */,
				BB6103A31CC50DB100350809 /* VerificationCodeViewController.m */,
				BB6103A51CC5199100350809 /* FillProfileViewController.h */,
				BB6103A61CC5199100350809 /* FillProfileViewController.m */,
				BB48E5B41CD06BB4005150C3 /* AcquiredMapsViewController.h */,
				BB48E5B51CD06BB4005150C3 /* AcquiredMapsViewController.m */,
				BB48E5BD1CD09D91005150C3 /* TaskViewController.h */,
				BB48E5BE1CD09D91005150C3 /* TaskViewController.m */,
				BB48E5C91CD1A603005150C3 /* HUDCouponAcquiringViewController.h */,
				BB48E5CA1CD1A603005150C3 /* HUDCouponAcquiringViewController.m */,
				BB48E5CC1CD1B03E005150C3 /* HUDTaskCompletedViewController.h */,
				BB48E5CD1CD1B03E005150C3 /* HUDTaskCompletedViewController.m */,
				BB48E5CF1CD465E3005150C3 /* HUDStoryFetchingViewController.h */,
				BB48E5D01CD465E3005150C3 /* HUDStoryFetchingViewController.m */,
				BB32091C1CD6CC86009D1862 /* HUDCouponCodeViewController.h */,
				BB32091D1CD6CC86009D1862 /* HUDCouponCodeViewController.m */,
				BB32093D1CD9A296009D1862 /* HUDNewMapViewController.h */,
				BB32093E1CD9A296009D1862 /* HUDNewMapViewController.m */,
				BB3209401CD9AB89009D1862 /* UserProfileViewController.h */,
				BB3209411CD9AB89009D1862 /* UserProfileViewController.m */,
				BB3209521CD9FC58009D1862 /* HUDNetworkErrorViewController.h */,
				BB3209531CD9FC58009D1862 /* HUDNetworkErrorViewController.m */,
				BB3209591CDA2003009D1862 /* StoryDialogViewController.h */,
				BB32095A1CDA2003009D1862 /* StoryDialogViewController.m */,
				BB32095C1CDA2022009D1862 /* StoryNumberPuzzleViewController.h */,
				BB32095D1CDA2022009D1862 /* StoryNumberPuzzleViewController.m */,
				BB32095F1CDA2033009D1862 /* StoryTextPuzzleViewController.h */,
				BB3209601CDA2033009D1862 /* StoryTextPuzzleViewController.m */,
				BB3209621CDA204A009D1862 /* StoryH5ViewController.h */,
				BB3209631CDA204A009D1862 /* StoryH5ViewController.m */,
				BB3209651CDA205C009D1862 /* StoryEmptyViewController.h */,
				BB3209661CDA205C009D1862 /* StoryEmptyViewController.m */,
				BB3209681CDA2115009D1862 /* StoryVideoViewController.h */,
				BB3209691CDA2115009D1862 /* StoryVideoViewController.m */,
				BB32096E1CDA42BE009D1862 /* StoryLevelsRootViewController.h */,
				BB32096F1CDA42BE009D1862 /* StoryLevelsRootViewController.m */,
				BB3209711CDB35FC009D1862 /* HUDNumberInputViewController.h */,
				BB3209721CDB35FC009D1862 /* HUDNumberInputViewController.m */,
				BB3209751CDB92F8009D1862 /* StoryItemsViewController.h */,
				BB3209761CDB92F8009D1862 /* StoryItemsViewController.m */,
				BB32097B1CDBA785009D1862 /* StoryMemoryViewController.h */,
				BB32097C1CDBA785009D1862 /* StoryMemoryViewController.m */,
			);
			path = Controllers;
			sourceTree = "<group>";
		};
		BBA5324E1CBBD0F500282D3E /* Managers */ = {
			isa = PBXGroup;
			children = (
				BBA532521CBBD11100282D3E /* SDKManager.h */,
				BBA532531CBBD11100282D3E /* SDKManager.m */,
				BB6103A81CC62AB300350809 /* ServerConfig.h */,
				BB6103A91CC62AB300350809 /* ServerConfig.m */,
				BB6103B91CC7295F00350809 /* CEEAppearanceManager.h */,
				BB6103BA1CC7295F00350809 /* CEEAppearanceManager.m */,
				BB6103BC1CC7A5A100350809 /* CEEUserSession.h */,
				BB6103BD1CC7A5A100350809 /* CEEUserSession.m */,
				BB6103BF1CC7ABE700350809 /* CEEDatabase.h */,
				BB6103C01CC7ABE700350809 /* CEEDatabase.m */,
				BB6103C61CC7E13000350809 /* CEELocationManager.h */,
				BB6103C71CC7E13000350809 /* CEELocationManager.m */,
				BB29EF521CCA2F5C001C25B6 /* CEEImageManager.h */,
				BB29EF531CCA2F5C001C25B6 /* CEEImageManager.m */,
				BB48E5D31CD489C0005150C3 /* CEEUploadManager.h */,
				BB48E5D41CD489C0005150C3 /* CEEUploadManager.m */,
				BB32096B1CDA2219009D1862 /* CEEStoriesManager.h */,
				BB32096C1CDA2219009D1862 /* CEEStoriesManager.m */,
			);
			path = Managers;
			sourceTree = "<group>";
		};
		BBA5324F1CBBD0F500282D3E /* Models */ = {
			isa = PBXGroup;
			children = (
				BB29EF4F1CCA2B7F001C25B6 /* CEEUserProfile.h */,
				BB29EF501CCA2B7F001C25B6 /* CEEUserProfile.m */,
				BB48E5D91CD4BE25005150C3 /* CEECoupon.h */,
				BB48E5DA1CD4BE25005150C3 /* CEECoupon.m */,
				BB3209101CD4E580009D1862 /* CEEStory.h */,
				BB3209111CD4E580009D1862 /* CEEStory.m */,
				BB3209131CD4E6D8009D1862 /* CEECity.h */,
				BB3209141CD4E6D8009D1862 /* CEECity.m */,
				BB3209251CD72394009D1862 /* CEEMap.h */,
				BB3209261CD72394009D1862 /* CEEMap.m */,
				BB32092E1CD74A7B009D1862 /* CEEAnchor.h */,
				BB32092F1CD74A7B009D1862 /* CEEAnchor.m */,
				BB3209341CD78B82009D1862 /* CEETask.h */,
				BB3209351CD78B82009D1862 /* CEETask.m */,
				BB32094F1CD9E468009D1862 /* CEEMedal.h */,
				BB3209501CD9E468009D1862 /* CEEMedal.m */,
			);
			path = Models;
			sourceTree = "<group>";
		};
		BBA532501CBBD0F500282D3E /* Views */ = {
			isa = PBXGroup;
			children = (
				BB6AD2E71CC206EE00A1E0F7 /* CouponScrollView.h */,
				BB6AD2E81CC206EE00A1E0F7 /* CouponScrollView.m */,
				BB6AD2EA1CC21E2900A1E0F7 /* HUDBaseView.h */,
				BB6AD2EB1CC21E2900A1E0F7 /* HUDBaseView.m */,
				BB6AD3081CC26B5A00A1E0F7 /* StoryTableViewCell.h */,
				BB6AD3091CC26B5A00A1E0F7 /* StoryTableViewCell.m */,
				BB6AD30B1CC26F5C00A1E0F7 /* StoryTableViewCellMenuView.h */,
				BB6AD30C1CC26F5C00A1E0F7 /* StoryTableViewCellMenuView.m */,
				BB6AD31A1CC32FED00A1E0F7 /* StoryDifficultyView.h */,
				BB6AD31B1CC32FED00A1E0F7 /* StoryDifficultyView.m */,
				BB6AD31D1CC3309100A1E0F7 /* StoryTagView.h */,
				BB6AD31E1CC3309100A1E0F7 /* StoryTagView.m */,
				BB4D856A1CC3502A00754484 /* StoryInfoView.h */,
				BB4D856B1CC3502A00754484 /* StoryInfoView.m */,
				BB6103961CC46E5300350809 /* RefreshingPanel.h */,
				BB6103971CC46E5300350809 /* RefreshingPanel.m */,
				BB61039C1CC47B2000350809 /* ThirdPartyLoginButton.h */,
				BB61039D1CC47B2000350809 /* ThirdPartyLoginButton.m */,
				BB29EF5B1CCC5797001C25B6 /* MessageTableViewCell.h */,
				BB29EF5C1CCC5797001C25B6 /* MessageTableViewCell.m */,
				BB29EF5E1CCC6E2B001C25B6 /* MapPanelView.h */,
				BB29EF5F1CCC6E2B001C25B6 /* MapPanelView.m */,
				BB29EF611CCC6E3A001C25B6 /* MapAnchorView.h */,
				BB29EF621CCC6E3A001C25B6 /* MapAnchorView.m */,
				BB29EF661CCCB58C001C25B6 /* HUDCouponCodeView.h */,
				BB29EF671CCCB58C001C25B6 /* HUDCouponCodeView.m */,
				BB29EF691CCE7904001C25B6 /* CouponCard.h */,
				BB29EF6A1CCE7904001C25B6 /* CouponCard.m */,
				BB48E5B11CD05141005150C3 /* HUDFetchingMapView.h */,
				BB48E5B21CD05141005150C3 /* HUDFetchingMapView.m */,
				BB48E5B71CD07664005150C3 /* AcquiredMapCollectionViewCell.h */,
				BB48E5B81CD07664005150C3 /* AcquiredMapCollectionViewCell.m */,
				BB48E5BA1CD07682005150C3 /* EmptyMapCollectionViewCell.h */,
				BB48E5BB1CD07682005150C3 /* EmptyMapCollectionViewCell.m */,
				BB48E5C01CD09E3E005150C3 /* TaskQuestionView.h */,
				BB48E5C11CD09E3E005150C3 /* TaskQuestionView.m */,
				BB48E5C31CD0E4E3005150C3 /* TaskAnswerView.h */,
				BB48E5C41CD0E4E3005150C3 /* TaskAnswerView.m */,
				BB48E5C61CD19EAD005150C3 /* HUDGetMedalView.h */,
				BB48E5C71CD19EAD005150C3 /* HUDGetMedalView.m */,
				BB3209431CD9B0CE009D1862 /* UserProfileView.h */,
				BB3209441CD9B0CE009D1862 /* UserProfileView.m */,
				BB3209461CD9BD16009D1862 /* MedalNormalCollectionViewCell.h */,
				BB3209471CD9BD16009D1862 /* MedalNormalCollectionViewCell.m */,
				BB3209491CD9BD27009D1862 /* MedalEmptyCollectionViewCell.h */,
				BB32094A1CD9BD27009D1862 /* MedalEmptyCollectionViewCell.m */,
				BB3209781CDB94B5009D1862 /* CEETriangleView.h */,
				BB3209791CDB94B5009D1862 /* CEETriangleView.m */,
				BB32097E1CDBA7D5009D1862 /* MemoryItemView.h */,
				BB32097F1CDBA7D5009D1862 /* MemoryItemView.m */,
				BB3209811CDC0BD8009D1862 /* MemoryItemCollectionViewCell.h */,
				BB3209821CDC0BD8009D1862 /* MemoryItemCollectionViewCell.m */,
				BB3209871CDC2055009D1862 /* StoryItemCollectionViewCell.h */,
				BB3209881CDC2055009D1862 /* StoryItemCollectionViewCell.m */,
			);
			path = Views;
			sourceTree = "<group>";
		};
/* End PBXGroup section */

/* Begin PBXNativeTarget section */
		BBA5322F1CBBC56500282D3E /* CEE */ = {
			isa = PBXNativeTarget;
			buildConfigurationList = BBA532471CBBC56500282D3E /* Build configuration list for PBXNativeTarget "CEE" */;
			buildPhases = (
				33888C8D8201236DB7A4B186 /* Check Pods Manifest.lock */,
				BBA5322C1CBBC56500282D3E /* Sources */,
				BBA5322D1CBBC56500282D3E /* Frameworks */,
				BBA5322E1CBBC56500282D3E /* Resources */,
				AA22637EAE614B66D6BCE3DF /* Embed Pods Frameworks */,
				C288A9B4A5C4195B969572C5 /* Copy Pods Resources */,
				BBA532551CBBD22300282D3E /* ShellScript */,
			);
			buildRules = (
			);
			dependencies = (
			);
			name = CEE;
			productName = CEE;
			productReference = BBA532301CBBC56500282D3E /* CEE.app */;
			productType = "com.apple.product-type.application";
		};
/* End PBXNativeTarget section */

/* Begin PBXProject section */
		BBA532281CBBC56500282D3E /* Project object */ = {
			isa = PBXProject;
			attributes = {
				LastUpgradeCheck = 0720;
				ORGANIZATIONNAME = ygeek;
				TargetAttributes = {
					BBA5322F1CBBC56500282D3E = {
						CreatedOnToolsVersion = 7.2;
					};
				};
			};
			buildConfigurationList = BBA5322B1CBBC56500282D3E /* Build configuration list for PBXProject "CEE" */;
			compatibilityVersion = "Xcode 3.2";
			developmentRegion = English;
			hasScannedForEncodings = 0;
			knownRegions = (
				en,
				Base,
			);
			mainGroup = BBA532271CBBC56500282D3E;
			productRefGroup = BBA532311CBBC56500282D3E /* Products */;
			projectDirPath = "";
			projectRoot = "";
			targets = (
				BBA5322F1CBBC56500282D3E /* CEE */,
			);
		};
/* End PBXProject section */

/* Begin PBXResourcesBuildPhase section */
		BBA5322E1CBBC56500282D3E /* Resources */ = {
			isa = PBXResourcesBuildPhase;
			buildActionMask = 2147483647;
			files = (
				BB6AD2FB1CC24F7300A1E0F7 /* SourceHanSansCN-Heavy.otf in Resources */,
				BB6AD2FA1CC24F7300A1E0F7 /* SourceHanSansCN-ExtraLight.otf in Resources */,
				BBA532401CBBC56500282D3E /* Assets.xcassets in Resources */,
				BB6AD2EE1CC2287200A1E0F7 /* Localizable.strings in Resources */,
				BB6AD2FE1CC24F7300A1E0F7 /* SourceHanSansCN-Normal.otf in Resources */,
				BB6AD2FF1CC24F7300A1E0F7 /* SourceHanSansCN-Regular.otf in Resources */,
				BB6AD3071CC265CD00A1E0F7 /* Gobold-Regular.ttf in Resources */,
				BB6AD2FC1CC24F7300A1E0F7 /* SourceHanSansCN-Light.otf in Resources */,
				BB6AD2FD1CC24F7300A1E0F7 /* SourceHanSansCN-Medium.otf in Resources */,
				BBA532581CBBD5DB00282D3E /* LaunchScreen.storyboard in Resources */,
				BB29EF651CCC7098001C25B6 /* map-sample.png in Resources */,
				BB6AD2F91CC24F7300A1E0F7 /* SourceHanSansCN-Bold.otf in Resources */,
				BB29EF401CC90A3F001C25B6 /* CityData.plist in Resources */,
			);
			runOnlyForDeploymentPostprocessing = 0;
		};
/* End PBXResourcesBuildPhase section */

/* Begin PBXShellScriptBuildPhase section */
		33888C8D8201236DB7A4B186 /* Check Pods Manifest.lock */ = {
			isa = PBXShellScriptBuildPhase;
			buildActionMask = 2147483647;
			files = (
			);
			inputPaths = (
			);
			name = "Check Pods Manifest.lock";
			outputPaths = (
			);
			runOnlyForDeploymentPostprocessing = 0;
			shellPath = /bin/sh;
			shellScript = "diff \"${PODS_ROOT}/../Podfile.lock\" \"${PODS_ROOT}/Manifest.lock\" > /dev/null\nif [[ $? != 0 ]] ; then\n    cat << EOM\nerror: The sandbox is not in sync with the Podfile.lock. Run 'pod install' or update your CocoaPods installation.\nEOM\n    exit 1\nfi\n";
			showEnvVarsInLog = 0;
		};
		AA22637EAE614B66D6BCE3DF /* Embed Pods Frameworks */ = {
			isa = PBXShellScriptBuildPhase;
			buildActionMask = 2147483647;
			files = (
			);
			inputPaths = (
			);
			name = "Embed Pods Frameworks";
			outputPaths = (
			);
			runOnlyForDeploymentPostprocessing = 0;
			shellPath = /bin/sh;
			shellScript = "\"${SRCROOT}/Pods/Target Support Files/Pods-CEE/Pods-CEE-frameworks.sh\"\n";
			showEnvVarsInLog = 0;
		};
		BBA532551CBBD22300282D3E /* ShellScript */ = {
			isa = PBXShellScriptBuildPhase;
			buildActionMask = 8;
			files = (
			);
			inputPaths = (
			);
			outputPaths = (
			);
			runOnlyForDeploymentPostprocessing = 1;
			shellPath = /bin/sh;
			shellScript = "leancloud upload_symbol \\\n-f \"${DWARF_DSYM_FOLDER_PATH}/${DWARF_DSYM_FILE_NAME}\" \\\n-i \"zbamEfqUbNTXNwLKw8LiTPK0-gzGzoHsz\" \\\n-k \"nWuVXVcpDSr4Eu3DHJqqSDyY\"";
		};
		C288A9B4A5C4195B969572C5 /* Copy Pods Resources */ = {
			isa = PBXShellScriptBuildPhase;
			buildActionMask = 2147483647;
			files = (
			);
			inputPaths = (
			);
			name = "Copy Pods Resources";
			outputPaths = (
			);
			runOnlyForDeploymentPostprocessing = 0;
			shellPath = /bin/sh;
			shellScript = "\"${SRCROOT}/Pods/Target Support Files/Pods-CEE/Pods-CEE-resources.sh\"\n";
			showEnvVarsInLog = 0;
		};
/* End PBXShellScriptBuildPhase section */

/* Begin PBXSourcesBuildPhase section */
		BBA5322C1CBBC56500282D3E /* Sources */ = {
			isa = PBXSourcesBuildPhase;
			buildActionMask = 2147483647;
			files = (
				BB32095B1CDA2003009D1862 /* StoryDialogViewController.m in Sources */,
				BB3209241CD72253009D1862 /* CEENearestMapAPI.m in Sources */,
				BB6103AE1CC6336300350809 /* JSONResponseSerializer.m in Sources */,
				BB6103A41CC50DB100350809 /* VerificationCodeViewController.m in Sources */,
				BB3209701CDA42BE009D1862 /* StoryLevelsRootViewController.m in Sources */,
				BBA532541CBBD11100282D3E /* SDKManager.m in Sources */,
				BB48E5BC1CD07682005150C3 /* EmptyMapCollectionViewCell.m in Sources */,
				BB3209331CD764A6009D1862 /* CEEAcquiredMapsAPI.m in Sources */,
				BB6AD31F1CC3309100A1E0F7 /* StoryTagView.m in Sources */,
				BB29EF4E1CC9E474001C25B6 /* CEEUploadTokenAPI.m in Sources */,
				BB6103B81CC68D5000350809 /* CEELoginAPI.m in Sources */,
				BB6103B51CC67A6300350809 /* CEEBaseAPI.m in Sources */,
				BB3209181CD4E7D7009D1862 /* CEEStoryListAPI.m in Sources */,
				BB48E5D11CD465E3005150C3 /* HUDStoryFetchingViewController.m in Sources */,
				BB3209581CDA17FF009D1862 /* CEEStoryLevelsAPI.m in Sources */,
				BB29EF601CCC6E2B001C25B6 /* MapPanelView.m in Sources */,
				BB6103C81CC7E13000350809 /* CEELocationManager.m in Sources */,
				BB29EF481CC9D966001C25B6 /* CEERegisterAPI.m in Sources */,
				BB6AD2E91CC206EE00A1E0F7 /* CouponScrollView.m in Sources */,
				BB3209671CDA205C009D1862 /* StoryEmptyViewController.m in Sources */,
				BB3209801CDBA7D5009D1862 /* MemoryItemView.m in Sources */,
				BB6AD30A1CC26B5A00A1E0F7 /* StoryTableViewCell.m in Sources */,
				BBA532611CBBDA6A00282D3E /* StoriesViewController.m in Sources */,
				BB4D856C1CC3502A00754484 /* StoryInfoView.m in Sources */,
				BB6AD3191CC32B9300A1E0F7 /* StoryCoverViewController.m in Sources */,
				BB3209121CD4E580009D1862 /* CEEStory.m in Sources */,
				BB29EF431CC90A3F001C25B6 /* TLCityHeaderView.m in Sources */,
				BB3209541CD9FC58009D1862 /* HUDNetworkErrorViewController.m in Sources */,
				BB29EF5A1CCA5D7A001C25B6 /* CEEFetchUserProfileAPI.m in Sources */,
				BB3209891CDC2055009D1862 /* StoryItemCollectionViewCell.m in Sources */,
				BB6103BB1CC7295F00350809 /* CEEAppearanceManager.m in Sources */,
				BB32092D1CD7490D009D1862 /* CEEAnchorsAPI.m in Sources */,
				BB6AD2EC1CC21E2900A1E0F7 /* HUDBaseView.m in Sources */,
				BB61039E1CC47B2000350809 /* ThirdPartyLoginButton.m in Sources */,
				BB48E5DB1CD4BE25005150C3 /* CEECoupon.m in Sources */,
				BB48E5C81CD19EAD005150C3 /* HUDGetMedalView.m in Sources */,
				BB29EF681CCCB58C001C25B6 /* HUDCouponCodeView.m in Sources */,
				BB3209211CD6F09F009D1862 /* UIImageView+Utils.m in Sources */,
				BB29EF541CCA2F5C001C25B6 /* CEEImageManager.m in Sources */,
				BB6AD30D1CC26F5C00A1E0F7 /* StoryTableViewCellMenuView.m in Sources */,
				BB3209731CDB35FC009D1862 /* HUDNumberInputViewController.m in Sources */,
				BB29EF441CC90A3F001C25B6 /* TLCityPickerController.m in Sources */,
				BB3209831CDC0BD8009D1862 /* MemoryItemCollectionViewCell.m in Sources */,
				BBA532381CBBC56500282D3E /* AppDelegate.m in Sources */,
				BB32096A1CDA2115009D1862 /* StoryVideoViewController.m in Sources */,
				BB3209451CD9B0CF009D1862 /* UserProfileView.m in Sources */,
				BB6103A11CC5088100350809 /* RegisterViewController.m in Sources */,
				BB48E5BF1CD09D91005150C3 /* TaskViewController.m in Sources */,
				BB3209151CD4E6D8009D1862 /* CEECity.m in Sources */,
				BB32097A1CDB94B5009D1862 /* CEETriangleView.m in Sources */,
				BB48E5D51CD489C0005150C3 /* CEEUploadManager.m in Sources */,
				BB6AD3021CC2512500A1E0F7 /* AppearanceConstants.m in Sources */,
				BB6103B11CC671A400350809 /* CEEAPIClient.m in Sources */,
				BB6103A71CC5199100350809 /* FillProfileViewController.m in Sources */,
				BB29EF631CCC6E3A001C25B6 /* MapAnchorView.m in Sources */,
				BB32091E1CD6CC86009D1862 /* HUDCouponCodeViewController.m in Sources */,
				BB61039B1CC478C200350809 /* LoginViewController.m in Sources */,
				BB48E5D81CD4BB46005150C3 /* CEECouponListAPI.m in Sources */,
				BB48E5CB1CD1A603005150C3 /* HUDCouponAcquiringViewController.m in Sources */,
				BBA532351CBBC56500282D3E /* main.m in Sources */,
				BB3209481CD9BD16009D1862 /* MedalNormalCollectionViewCell.m in Sources */,
				BB6103C11CC7ABE700350809 /* CEEDatabase.m in Sources */,
				BB32094B1CD9BD27009D1862 /* MedalEmptyCollectionViewCell.m in Sources */,
				BB29EF6B1CCE7904001C25B6 /* CouponCard.m in Sources */,
				BB29EF411CC90A3F001C25B6 /* TLCity.m in Sources */,
				BB29EF571CCA4716001C25B6 /* CEEDownloadURLAPI.m in Sources */,
				BB29EF421CC90A3F001C25B6 /* TLCityGroupCell.m in Sources */,
				BB6AD3161CC322E000A1E0F7 /* UIImage+Utils.m in Sources */,
				BB6AD3051CC2528900A1E0F7 /* CEEUtils.m in Sources */,
				BB32097D1CDBA785009D1862 /* StoryMemoryViewController.m in Sources */,
				BB48E5B31CD05141005150C3 /* HUDFetchingMapView.m in Sources */,
				BB32093C1CD83707009D1862 /* CEETaskCompleteAPI.m in Sources */,
				BB3209641CDA204A009D1862 /* StoryH5ViewController.m in Sources */,
				BBA5325B1CBBDA4A00282D3E /* DrawerViewController.m in Sources */,
				BB32091B1CD6C9C2009D1862 /* CEECouponConsumeAPI.m in Sources */,
				BB29EF451CC90A3F001C25B6 /* TLCityPickerSearchResultController.m in Sources */,
				BB48E5C21CD09E3E005150C3 /* TaskQuestionView.m in Sources */,
				BB3209421CD9AB89009D1862 /* UserProfileViewController.m in Sources */,
				BB3209511CD9E468009D1862 /* CEEMedal.m in Sources */,
				BBA532511CBBD0F500282D3E /* RootViewController.m in Sources */,
				BB3209271CD72394009D1862 /* CEEMap.m in Sources */,
				BB6AD31C1CC32FED00A1E0F7 /* StoryDifficultyView.m in Sources */,
				BB32095E1CDA2022009D1862 /* StoryNumberPuzzleViewController.m in Sources */,
				BB3209611CDA2033009D1862 /* StoryTextPuzzleViewController.m in Sources */,
				BB3209361CD78B82009D1862 /* CEETask.m in Sources */,
				BB48E5CE1CD1B03E005150C3 /* HUDTaskCompletedViewController.m in Sources */,
				BB32094E1CD9E43A009D1862 /* CEEMedalListAPI.m in Sources */,
				BB3209391CD78D38009D1862 /* CEETaskAPI.m in Sources */,
				BB6103CD1CC8570B00350809 /* AIDatePickerController.m in Sources */,
				BB6103BE1CC7A5A100350809 /* CEEUserSession.m in Sources */,
				BB29EF5D1CCC5797001C25B6 /* MessageTableViewCell.m in Sources */,
				BB6103981CC46E5300350809 /* RefreshingPanel.m in Sources */,
				BBA532641CBBDA9E00282D3E /* MessageViewController.m in Sources */,
				BB3209301CD74A7B009D1862 /* CEEAnchor.m in Sources */,
				BB48E5C51CD0E4E3005150C3 /* TaskAnswerView.m in Sources */,
				BB29EF511CCA2B7F001C25B6 /* CEEUserProfile.m in Sources */,
				BB48E5B61CD06BB4005150C3 /* AcquiredMapsViewController.m in Sources */,
				BB6103AA1CC62AB300350809 /* ServerConfig.m in Sources */,
				BB48E5B91CD07664005150C3 /* AcquiredMapCollectionViewCell.m in Sources */,
				BB3209771CDB92F8009D1862 /* StoryItemsViewController.m in Sources */,
				BBA5325E1CBBDA5900282D3E /* WorldViewController.m in Sources */,
				BB32093F1CD9A296009D1862 /* HUDNewMapViewController.m in Sources */,
				BB29EF4B1CC9DF68001C25B6 /* CEESaveUserProfileAPI.m in Sources */,
				BB32096D1CDA2219009D1862 /* CEEStoriesManager.m in Sources */,
				BB3209861CDC13D8009D1862 /* CEEStoryItemsAPI.m in Sources */,
			);
			runOnlyForDeploymentPostprocessing = 0;
		};
/* End PBXSourcesBuildPhase section */

/* Begin PBXVariantGroup section */
		BBA532561CBBD5DB00282D3E /* LaunchScreen.storyboard */ = {
			isa = PBXVariantGroup;
			children = (
				BBA532571CBBD5DB00282D3E /* Base */,
			);
			name = LaunchScreen.storyboard;
			sourceTree = "<group>";
		};
/* End PBXVariantGroup section */

/* Begin XCBuildConfiguration section */
		BBA532451CBBC56500282D3E /* Debug */ = {
			isa = XCBuildConfiguration;
			buildSettings = {
				ALWAYS_SEARCH_USER_PATHS = NO;
				CLANG_CXX_LANGUAGE_STANDARD = "gnu++0x";
				CLANG_CXX_LIBRARY = "libc++";
				CLANG_ENABLE_MODULES = YES;
				CLANG_ENABLE_OBJC_ARC = YES;
				CLANG_WARN_BOOL_CONVERSION = YES;
				CLANG_WARN_CONSTANT_CONVERSION = YES;
				CLANG_WARN_DIRECT_OBJC_ISA_USAGE = YES_ERROR;
				CLANG_WARN_EMPTY_BODY = YES;
				CLANG_WARN_ENUM_CONVERSION = YES;
				CLANG_WARN_INT_CONVERSION = YES;
				CLANG_WARN_OBJC_ROOT_CLASS = YES_ERROR;
				CLANG_WARN_UNREACHABLE_CODE = YES;
				CLANG_WARN__DUPLICATE_METHOD_MATCH = YES;
				"CODE_SIGN_IDENTITY[sdk=iphoneos*]" = "iPhone Developer";
				COPY_PHASE_STRIP = NO;
				DEBUG_INFORMATION_FORMAT = dwarf;
				ENABLE_STRICT_OBJC_MSGSEND = YES;
				ENABLE_TESTABILITY = YES;
				GCC_C_LANGUAGE_STANDARD = gnu99;
				GCC_DYNAMIC_NO_PIC = NO;
				GCC_NO_COMMON_BLOCKS = YES;
				GCC_OPTIMIZATION_LEVEL = 0;
				GCC_PREPROCESSOR_DEFINITIONS = (
					"DEBUG=1",
					"$(inherited)",
				);
				GCC_WARN_64_TO_32_BIT_CONVERSION = YES;
				GCC_WARN_ABOUT_RETURN_TYPE = YES_ERROR;
				GCC_WARN_UNDECLARED_SELECTOR = YES;
				GCC_WARN_UNINITIALIZED_AUTOS = YES_AGGRESSIVE;
				GCC_WARN_UNUSED_FUNCTION = YES;
				GCC_WARN_UNUSED_VARIABLE = YES;
				IPHONEOS_DEPLOYMENT_TARGET = 9.2;
				MTL_ENABLE_DEBUG_INFO = YES;
				ONLY_ACTIVE_ARCH = YES;
				SDKROOT = iphoneos;
				TARGETED_DEVICE_FAMILY = "1,2";
			};
			name = Debug;
		};
		BBA532461CBBC56500282D3E /* Release */ = {
			isa = XCBuildConfiguration;
			buildSettings = {
				ALWAYS_SEARCH_USER_PATHS = NO;
				CLANG_CXX_LANGUAGE_STANDARD = "gnu++0x";
				CLANG_CXX_LIBRARY = "libc++";
				CLANG_ENABLE_MODULES = YES;
				CLANG_ENABLE_OBJC_ARC = YES;
				CLANG_WARN_BOOL_CONVERSION = YES;
				CLANG_WARN_CONSTANT_CONVERSION = YES;
				CLANG_WARN_DIRECT_OBJC_ISA_USAGE = YES_ERROR;
				CLANG_WARN_EMPTY_BODY = YES;
				CLANG_WARN_ENUM_CONVERSION = YES;
				CLANG_WARN_INT_CONVERSION = YES;
				CLANG_WARN_OBJC_ROOT_CLASS = YES_ERROR;
				CLANG_WARN_UNREACHABLE_CODE = YES;
				CLANG_WARN__DUPLICATE_METHOD_MATCH = YES;
				"CODE_SIGN_IDENTITY[sdk=iphoneos*]" = "iPhone Developer";
				COPY_PHASE_STRIP = NO;
				DEBUG_INFORMATION_FORMAT = "dwarf-with-dsym";
				ENABLE_NS_ASSERTIONS = NO;
				ENABLE_STRICT_OBJC_MSGSEND = YES;
				GCC_C_LANGUAGE_STANDARD = gnu99;
				GCC_NO_COMMON_BLOCKS = YES;
				GCC_WARN_64_TO_32_BIT_CONVERSION = YES;
				GCC_WARN_ABOUT_RETURN_TYPE = YES_ERROR;
				GCC_WARN_UNDECLARED_SELECTOR = YES;
				GCC_WARN_UNINITIALIZED_AUTOS = YES_AGGRESSIVE;
				GCC_WARN_UNUSED_FUNCTION = YES;
				GCC_WARN_UNUSED_VARIABLE = YES;
				IPHONEOS_DEPLOYMENT_TARGET = 9.2;
				MTL_ENABLE_DEBUG_INFO = NO;
				SDKROOT = iphoneos;
				TARGETED_DEVICE_FAMILY = "1,2";
				VALIDATE_PRODUCT = YES;
			};
			name = Release;
		};
		BBA532481CBBC56500282D3E /* Debug */ = {
			isa = XCBuildConfiguration;
			baseConfigurationReference = 7FB126723455BB0F0F8BE026 /* Pods-CEE.debug.xcconfig */;
			buildSettings = {
				ASSETCATALOG_COMPILER_APPICON_NAME = AppIcon;
				CLANG_ALLOW_NON_MODULAR_INCLUDES_IN_FRAMEWORK_MODULES = YES;
				CODE_SIGN_IDENTITY = "iPhone Developer: Meng Zhang (54Z2B532B5)";
				EMBEDDED_CONTENT_CONTAINS_SWIFT = YES;
				INFOPLIST_FILE = CEE/Info.plist;
				IPHONEOS_DEPLOYMENT_TARGET = 8.0;
				LD_RUNPATH_SEARCH_PATHS = "$(inherited) @executable_path/Frameworks";
				PRODUCT_BUNDLE_IDENTIFIER = com.ygeek.CEE;
				PRODUCT_NAME = "$(TARGET_NAME)";
			};
			name = Debug;
		};
		BBA532491CBBC56500282D3E /* Release */ = {
			isa = XCBuildConfiguration;
			baseConfigurationReference = F8BCF04570751620B227FDFA /* Pods-CEE.release.xcconfig */;
			buildSettings = {
				ASSETCATALOG_COMPILER_APPICON_NAME = AppIcon;
				CLANG_ALLOW_NON_MODULAR_INCLUDES_IN_FRAMEWORK_MODULES = YES;
				CODE_SIGN_IDENTITY = "iPhone Developer: Meng Zhang (54Z2B532B5)";
				EMBEDDED_CONTENT_CONTAINS_SWIFT = YES;
				INFOPLIST_FILE = CEE/Info.plist;
				IPHONEOS_DEPLOYMENT_TARGET = 8.0;
				LD_RUNPATH_SEARCH_PATHS = "$(inherited) @executable_path/Frameworks";
				PRODUCT_BUNDLE_IDENTIFIER = com.ygeek.CEE;
				PRODUCT_NAME = "$(TARGET_NAME)";
			};
			name = Release;
		};
/* End XCBuildConfiguration section */

/* Begin XCConfigurationList section */
		BBA5322B1CBBC56500282D3E /* Build configuration list for PBXProject "CEE" */ = {
			isa = XCConfigurationList;
			buildConfigurations = (
				BBA532451CBBC56500282D3E /* Debug */,
				BBA532461CBBC56500282D3E /* Release */,
			);
			defaultConfigurationIsVisible = 0;
			defaultConfigurationName = Release;
		};
		BBA532471CBBC56500282D3E /* Build configuration list for PBXNativeTarget "CEE" */ = {
			isa = XCConfigurationList;
			buildConfigurations = (
				BBA532481CBBC56500282D3E /* Debug */,
				BBA532491CBBC56500282D3E /* Release */,
			);
			defaultConfigurationIsVisible = 0;
			defaultConfigurationName = Release;
		};
/* End XCConfigurationList section */
	};
	rootObject = BBA532281CBBC56500282D3E /* Project object */;
}
