// !$*UTF8*$!
{
	archiveVersion = 1;
	classes = {
	};
	objectVersion = 46;
	objects = {

/* Begin PBXBuildFile section */
		BB4D856C1CC3502A00754484 /* StoryInfoView.m in Sources */ = {isa = PBXBuildFile; fileRef = BB4D856B1CC3502A00754484 /* StoryInfoView.m */; };
		BB6103981CC46E5300350809 /* RefreshingPanel.m in Sources */ = {isa = PBXBuildFile; fileRef = BB6103971CC46E5300350809 /* RefreshingPanel.m */; };
		BB61039B1CC478C200350809 /* LoginViewController.m in Sources */ = {isa = PBXBuildFile; fileRef = BB61039A1CC478C200350809 /* LoginViewController.m */; };
		BB61039E1CC47B2000350809 /* ThirdPartyLoginButton.m in Sources */ = {isa = PBXBuildFile; fileRef = BB61039D1CC47B2000350809 /* ThirdPartyLoginButton.m */; };
		BB6103A11CC5088100350809 /* RegisterViewController.m in Sources */ = {isa = PBXBuildFile; fileRef = BB6103A01CC5088100350809 /* RegisterViewController.m */; };
		BB6103A41CC50DB100350809 /* VerificationCodeViewController.m in Sources */ = {isa = PBXBuildFile; fileRef = BB6103A31CC50DB100350809 /* VerificationCodeViewController.m */; };
		BB6103A71CC5199100350809 /* FillProfileViewController.m in Sources */ = {isa = PBXBuildFile; fileRef = BB6103A61CC5199100350809 /* FillProfileViewController.m */; };
		BB6103AA1CC62AB300350809 /* ServerConfig.m in Sources */ = {isa = PBXBuildFile; fileRef = BB6103A91CC62AB300350809 /* ServerConfig.m */; };
		BB6103AE1CC6336300350809 /* JSONResponseSerializer.m in Sources */ = {isa = PBXBuildFile; fileRef = BB6103AD1CC6336300350809 /* JSONResponseSerializer.m */; };
		BB6103B11CC671A400350809 /* CEEAPIClient.m in Sources */ = {isa = PBXBuildFile; fileRef = BB6103B01CC671A400350809 /* CEEAPIClient.m */; };
		BB6103B51CC67A6300350809 /* CEEBaseAPI.m in Sources */ = {isa = PBXBuildFile; fileRef = BB6103B41CC67A6300350809 /* CEEBaseAPI.m */; };
		BB6103B81CC68D5000350809 /* CEELoginAPI.m in Sources */ = {isa = PBXBuildFile; fileRef = BB6103B71CC68D5000350809 /* CEELoginAPI.m */; };
		BB6103BB1CC7295F00350809 /* CEEAppearanceManager.m in Sources */ = {isa = PBXBuildFile; fileRef = BB6103BA1CC7295F00350809 /* CEEAppearanceManager.m */; };
		BB6AD2E91CC206EE00A1E0F7 /* CouponScrollView.m in Sources */ = {isa = PBXBuildFile; fileRef = BB6AD2E81CC206EE00A1E0F7 /* CouponScrollView.m */; };
		BB6AD2EC1CC21E2900A1E0F7 /* HUDBaseView.m in Sources */ = {isa = PBXBuildFile; fileRef = BB6AD2EB1CC21E2900A1E0F7 /* HUDBaseView.m */; };
		BB6AD2EE1CC2287200A1E0F7 /* Localizable.strings in Resources */ = {isa = PBXBuildFile; fileRef = BB6AD2ED1CC2287200A1E0F7 /* Localizable.strings */; };
		BB6AD2F91CC24F7300A1E0F7 /* SourceHanSansCN-Bold.otf in Resources */ = {isa = PBXBuildFile; fileRef = BB6AD2F21CC24F7300A1E0F7 /* SourceHanSansCN-Bold.otf */; };
		BB6AD2FA1CC24F7300A1E0F7 /* SourceHanSansCN-ExtraLight.otf in Resources */ = {isa = PBXBuildFile; fileRef = BB6AD2F31CC24F7300A1E0F7 /* SourceHanSansCN-ExtraLight.otf */; };
		BB6AD2FB1CC24F7300A1E0F7 /* SourceHanSansCN-Heavy.otf in Resources */ = {isa = PBXBuildFile; fileRef = BB6AD2F41CC24F7300A1E0F7 /* SourceHanSansCN-Heavy.otf */; };
		BB6AD2FC1CC24F7300A1E0F7 /* SourceHanSansCN-Light.otf in Resources */ = {isa = PBXBuildFile; fileRef = BB6AD2F51CC24F7300A1E0F7 /* SourceHanSansCN-Light.otf */; };
		BB6AD2FD1CC24F7300A1E0F7 /* SourceHanSansCN-Medium.otf in Resources */ = {isa = PBXBuildFile; fileRef = BB6AD2F61CC24F7300A1E0F7 /* SourceHanSansCN-Medium.otf */; };
		BB6AD2FE1CC24F7300A1E0F7 /* SourceHanSansCN-Normal.otf in Resources */ = {isa = PBXBuildFile; fileRef = BB6AD2F71CC24F7300A1E0F7 /* SourceHanSansCN-Normal.otf */; };
		BB6AD2FF1CC24F7300A1E0F7 /* SourceHanSansCN-Regular.otf in Resources */ = {isa = PBXBuildFile; fileRef = BB6AD2F81CC24F7300A1E0F7 /* SourceHanSansCN-Regular.otf */; };
		BB6AD3021CC2512500A1E0F7 /* AppearanceConstants.m in Sources */ = {isa = PBXBuildFile; fileRef = BB6AD3011CC2512500A1E0F7 /* AppearanceConstants.m */; };
		BB6AD3051CC2528900A1E0F7 /* CEEUtils.m in Sources */ = {isa = PBXBuildFile; fileRef = BB6AD3041CC2528900A1E0F7 /* CEEUtils.m */; };
		BB6AD3071CC265CD00A1E0F7 /* Gobold-Regular.ttf in Resources */ = {isa = PBXBuildFile; fileRef = BB6AD3061CC265CD00A1E0F7 /* Gobold-Regular.ttf */; };
		BB6AD30A1CC26B5A00A1E0F7 /* StoryTableViewCell.m in Sources */ = {isa = PBXBuildFile; fileRef = BB6AD3091CC26B5A00A1E0F7 /* StoryTableViewCell.m */; };
		BB6AD30D1CC26F5C00A1E0F7 /* StoryTableViewCellMenuView.m in Sources */ = {isa = PBXBuildFile; fileRef = BB6AD30C1CC26F5C00A1E0F7 /* StoryTableViewCellMenuView.m */; };
		BB6AD3161CC322E000A1E0F7 /* UIImage+Utils.m in Sources */ = {isa = PBXBuildFile; fileRef = BB6AD3151CC322E000A1E0F7 /* UIImage+Utils.m */; };
		BB6AD3191CC32B9300A1E0F7 /* StoryCoverViewController.m in Sources */ = {isa = PBXBuildFile; fileRef = BB6AD3181CC32B9300A1E0F7 /* StoryCoverViewController.m */; };
		BB6AD31C1CC32FED00A1E0F7 /* StoryDifficultyView.m in Sources */ = {isa = PBXBuildFile; fileRef = BB6AD31B1CC32FED00A1E0F7 /* StoryDifficultyView.m */; };
		BB6AD31F1CC3309100A1E0F7 /* StoryTagView.m in Sources */ = {isa = PBXBuildFile; fileRef = BB6AD31E1CC3309100A1E0F7 /* StoryTagView.m */; };
		BBA532351CBBC56500282D3E /* main.m in Sources */ = {isa = PBXBuildFile; fileRef = BBA532341CBBC56500282D3E /* main.m */; };
		BBA532381CBBC56500282D3E /* AppDelegate.m in Sources */ = {isa = PBXBuildFile; fileRef = BBA532371CBBC56500282D3E /* AppDelegate.m */; };
		BBA532401CBBC56500282D3E /* Assets.xcassets in Resources */ = {isa = PBXBuildFile; fileRef = BBA5323F1CBBC56500282D3E /* Assets.xcassets */; };
		BBA532511CBBD0F500282D3E /* RootViewController.m in Sources */ = {isa = PBXBuildFile; fileRef = BBA5324D1CBBD0F500282D3E /* RootViewController.m */; };
		BBA532541CBBD11100282D3E /* SDKManager.m in Sources */ = {isa = PBXBuildFile; fileRef = BBA532531CBBD11100282D3E /* SDKManager.m */; };
		BBA532581CBBD5DB00282D3E /* LaunchScreen.storyboard in Resources */ = {isa = PBXBuildFile; fileRef = BBA532561CBBD5DB00282D3E /* LaunchScreen.storyboard */; };
		BBA5325B1CBBDA4A00282D3E /* DrawerViewController.m in Sources */ = {isa = PBXBuildFile; fileRef = BBA5325A1CBBDA4A00282D3E /* DrawerViewController.m */; };
		BBA5325E1CBBDA5900282D3E /* WorldViewController.m in Sources */ = {isa = PBXBuildFile; fileRef = BBA5325D1CBBDA5900282D3E /* WorldViewController.m */; };
		BBA532611CBBDA6A00282D3E /* StoriesViewController.m in Sources */ = {isa = PBXBuildFile; fileRef = BBA532601CBBDA6A00282D3E /* StoriesViewController.m */; };
		BBA532641CBBDA9E00282D3E /* MessageViewController.m in Sources */ = {isa = PBXBuildFile; fileRef = BBA532631CBBDA9E00282D3E /* MessageViewController.m */; };
		DBE2B2942E7909B051221FF0 /* Pods_CEE.framework in Frameworks */ = {isa = PBXBuildFile; fileRef = 6F33B289AB3942036A5E07CD /* Pods_CEE.framework */; };
/* End PBXBuildFile section */

/* Begin PBXFileReference section */
		6F33B289AB3942036A5E07CD /* Pods_CEE.framework */ = {isa = PBXFileReference; explicitFileType = wrapper.framework; includeInIndex = 0; path = Pods_CEE.framework; sourceTree = BUILT_PRODUCTS_DIR; };
		7FB126723455BB0F0F8BE026 /* Pods-CEE.debug.xcconfig */ = {isa = PBXFileReference; includeInIndex = 1; lastKnownFileType = text.xcconfig; name = "Pods-CEE.debug.xcconfig"; path = "Pods/Target Support Files/Pods-CEE/Pods-CEE.debug.xcconfig"; sourceTree = "<group>"; };
		BB4D856A1CC3502A00754484 /* StoryInfoView.h */ = {isa = PBXFileReference; fileEncoding = 4; lastKnownFileType = sourcecode.c.h; path = StoryInfoView.h; sourceTree = "<group>"; };
		BB4D856B1CC3502A00754484 /* StoryInfoView.m */ = {isa = PBXFileReference; fileEncoding = 4; lastKnownFileType = sourcecode.c.objc; path = StoryInfoView.m; sourceTree = "<group>"; };
		BB6103961CC46E5300350809 /* RefreshingPanel.h */ = {isa = PBXFileReference; fileEncoding = 4; lastKnownFileType = sourcecode.c.h; path = RefreshingPanel.h; sourceTree = "<group>"; };
		BB6103971CC46E5300350809 /* RefreshingPanel.m */ = {isa = PBXFileReference; fileEncoding = 4; lastKnownFileType = sourcecode.c.objc; path = RefreshingPanel.m; sourceTree = "<group>"; };
		BB6103991CC478C200350809 /* LoginViewController.h */ = {isa = PBXFileReference; fileEncoding = 4; lastKnownFileType = sourcecode.c.h; path = LoginViewController.h; sourceTree = "<group>"; };
		BB61039A1CC478C200350809 /* LoginViewController.m */ = {isa = PBXFileReference; fileEncoding = 4; lastKnownFileType = sourcecode.c.objc; path = LoginViewController.m; sourceTree = "<group>"; };
		BB61039C1CC47B2000350809 /* ThirdPartyLoginButton.h */ = {isa = PBXFileReference; fileEncoding = 4; lastKnownFileType = sourcecode.c.h; path = ThirdPartyLoginButton.h; sourceTree = "<group>"; };
		BB61039D1CC47B2000350809 /* ThirdPartyLoginButton.m */ = {isa = PBXFileReference; fileEncoding = 4; lastKnownFileType = sourcecode.c.objc; path = ThirdPartyLoginButton.m; sourceTree = "<group>"; };
		BB61039F1CC5088100350809 /* RegisterViewController.h */ = {isa = PBXFileReference; fileEncoding = 4; lastKnownFileType = sourcecode.c.h; path = RegisterViewController.h; sourceTree = "<group>"; };
		BB6103A01CC5088100350809 /* RegisterViewController.m */ = {isa = PBXFileReference; fileEncoding = 4; lastKnownFileType = sourcecode.c.objc; path = RegisterViewController.m; sourceTree = "<group>"; };
		BB6103A21CC50DB100350809 /* VerificationCodeViewController.h */ = {isa = PBXFileReference; fileEncoding = 4; lastKnownFileType = sourcecode.c.h; path = VerificationCodeViewController.h; sourceTree = "<group>"; };
		BB6103A31CC50DB100350809 /* VerificationCodeViewController.m */ = {isa = PBXFileReference; fileEncoding = 4; lastKnownFileType = sourcecode.c.objc; path = VerificationCodeViewController.m; sourceTree = "<group>"; };
		BB6103A51CC5199100350809 /* FillProfileViewController.h */ = {isa = PBXFileReference; fileEncoding = 4; lastKnownFileType = sourcecode.c.h; path = FillProfileViewController.h; sourceTree = "<group>"; };
		BB6103A61CC5199100350809 /* FillProfileViewController.m */ = {isa = PBXFileReference; fileEncoding = 4; lastKnownFileType = sourcecode.c.objc; path = FillProfileViewController.m; sourceTree = "<group>"; };
		BB6103A81CC62AB300350809 /* ServerConfig.h */ = {isa = PBXFileReference; fileEncoding = 4; lastKnownFileType = sourcecode.c.h; path = ServerConfig.h; sourceTree = "<group>"; };
		BB6103A91CC62AB300350809 /* ServerConfig.m */ = {isa = PBXFileReference; fileEncoding = 4; lastKnownFileType = sourcecode.c.objc; path = ServerConfig.m; sourceTree = "<group>"; };
		BB6103AC1CC6336300350809 /* JSONResponseSerializer.h */ = {isa = PBXFileReference; fileEncoding = 4; lastKnownFileType = sourcecode.c.h; path = JSONResponseSerializer.h; sourceTree = "<group>"; };
		BB6103AD1CC6336300350809 /* JSONResponseSerializer.m */ = {isa = PBXFileReference; fileEncoding = 4; lastKnownFileType = sourcecode.c.objc; path = JSONResponseSerializer.m; sourceTree = "<group>"; };
		BB6103AF1CC671A400350809 /* CEEAPIClient.h */ = {isa = PBXFileReference; fileEncoding = 4; lastKnownFileType = sourcecode.c.h; path = CEEAPIClient.h; sourceTree = "<group>"; };
		BB6103B01CC671A400350809 /* CEEAPIClient.m */ = {isa = PBXFileReference; fileEncoding = 4; lastKnownFileType = sourcecode.c.objc; path = CEEAPIClient.m; sourceTree = "<group>"; };
		BB6103B31CC67A6300350809 /* CEEBaseAPI.h */ = {isa = PBXFileReference; fileEncoding = 4; lastKnownFileType = sourcecode.c.h; path = CEEBaseAPI.h; sourceTree = "<group>"; };
		BB6103B41CC67A6300350809 /* CEEBaseAPI.m */ = {isa = PBXFileReference; fileEncoding = 4; lastKnownFileType = sourcecode.c.objc; path = CEEBaseAPI.m; sourceTree = "<group>"; };
		BB6103B61CC68D5000350809 /* CEELoginAPI.h */ = {isa = PBXFileReference; fileEncoding = 4; lastKnownFileType = sourcecode.c.h; path = CEELoginAPI.h; sourceTree = "<group>"; };
		BB6103B71CC68D5000350809 /* CEELoginAPI.m */ = {isa = PBXFileReference; fileEncoding = 4; lastKnownFileType = sourcecode.c.objc; path = CEELoginAPI.m; sourceTree = "<group>"; };
		BB6103B91CC7295F00350809 /* CEEAppearanceManager.h */ = {isa = PBXFileReference; fileEncoding = 4; lastKnownFileType = sourcecode.c.h; path = CEEAppearanceManager.h; sourceTree = "<group>"; };
		BB6103BA1CC7295F00350809 /* CEEAppearanceManager.m */ = {isa = PBXFileReference; fileEncoding = 4; lastKnownFileType = sourcecode.c.objc; path = CEEAppearanceManager.m; sourceTree = "<group>"; };
		BB6AD2E71CC206EE00A1E0F7 /* CouponScrollView.h */ = {isa = PBXFileReference; fileEncoding = 4; lastKnownFileType = sourcecode.c.h; path = CouponScrollView.h; sourceTree = "<group>"; };
		BB6AD2E81CC206EE00A1E0F7 /* CouponScrollView.m */ = {isa = PBXFileReference; fileEncoding = 4; lastKnownFileType = sourcecode.c.objc; path = CouponScrollView.m; sourceTree = "<group>"; };
		BB6AD2EA1CC21E2900A1E0F7 /* HUDBaseView.h */ = {isa = PBXFileReference; fileEncoding = 4; lastKnownFileType = sourcecode.c.h; path = HUDBaseView.h; sourceTree = "<group>"; };
		BB6AD2EB1CC21E2900A1E0F7 /* HUDBaseView.m */ = {isa = PBXFileReference; fileEncoding = 4; lastKnownFileType = sourcecode.c.objc; path = HUDBaseView.m; sourceTree = "<group>"; };
		BB6AD2ED1CC2287200A1E0F7 /* Localizable.strings */ = {isa = PBXFileReference; fileEncoding = 4; lastKnownFileType = text.plist.strings; path = Localizable.strings; sourceTree = "<group>"; };
		BB6AD2F01CC228DD00A1E0F7 /* UtilsMacros.h */ = {isa = PBXFileReference; lastKnownFileType = sourcecode.c.h; path = UtilsMacros.h; sourceTree = "<group>"; };
		BB6AD2F21CC24F7300A1E0F7 /* SourceHanSansCN-Bold.otf */ = {isa = PBXFileReference; lastKnownFileType = file; path = "SourceHanSansCN-Bold.otf"; sourceTree = "<group>"; };
		BB6AD2F31CC24F7300A1E0F7 /* SourceHanSansCN-ExtraLight.otf */ = {isa = PBXFileReference; lastKnownFileType = file; path = "SourceHanSansCN-ExtraLight.otf"; sourceTree = "<group>"; };
		BB6AD2F41CC24F7300A1E0F7 /* SourceHanSansCN-Heavy.otf */ = {isa = PBXFileReference; lastKnownFileType = file; path = "SourceHanSansCN-Heavy.otf"; sourceTree = "<group>"; };
		BB6AD2F51CC24F7300A1E0F7 /* SourceHanSansCN-Light.otf */ = {isa = PBXFileReference; lastKnownFileType = file; path = "SourceHanSansCN-Light.otf"; sourceTree = "<group>"; };
		BB6AD2F61CC24F7300A1E0F7 /* SourceHanSansCN-Medium.otf */ = {isa = PBXFileReference; lastKnownFileType = file; path = "SourceHanSansCN-Medium.otf"; sourceTree = "<group>"; };
		BB6AD2F71CC24F7300A1E0F7 /* SourceHanSansCN-Normal.otf */ = {isa = PBXFileReference; lastKnownFileType = file; path = "SourceHanSansCN-Normal.otf"; sourceTree = "<group>"; };
		BB6AD2F81CC24F7300A1E0F7 /* SourceHanSansCN-Regular.otf */ = {isa = PBXFileReference; lastKnownFileType = file; path = "SourceHanSansCN-Regular.otf"; sourceTree = "<group>"; };
		BB6AD3001CC2512500A1E0F7 /* AppearanceConstants.h */ = {isa = PBXFileReference; fileEncoding = 4; lastKnownFileType = sourcecode.c.h; path = AppearanceConstants.h; sourceTree = "<group>"; };
		BB6AD3011CC2512500A1E0F7 /* AppearanceConstants.m */ = {isa = PBXFileReference; fileEncoding = 4; lastKnownFileType = sourcecode.c.objc; path = AppearanceConstants.m; sourceTree = "<group>"; };
		BB6AD3031CC2528900A1E0F7 /* CEEUtils.h */ = {isa = PBXFileReference; fileEncoding = 4; lastKnownFileType = sourcecode.c.h; path = CEEUtils.h; sourceTree = "<group>"; };
		BB6AD3041CC2528900A1E0F7 /* CEEUtils.m */ = {isa = PBXFileReference; fileEncoding = 4; lastKnownFileType = sourcecode.c.objc; path = CEEUtils.m; sourceTree = "<group>"; };
		BB6AD3061CC265CD00A1E0F7 /* Gobold-Regular.ttf */ = {isa = PBXFileReference; lastKnownFileType = file; path = "Gobold-Regular.ttf"; sourceTree = "<group>"; };
		BB6AD3081CC26B5A00A1E0F7 /* StoryTableViewCell.h */ = {isa = PBXFileReference; fileEncoding = 4; lastKnownFileType = sourcecode.c.h; path = StoryTableViewCell.h; sourceTree = "<group>"; };
		BB6AD3091CC26B5A00A1E0F7 /* StoryTableViewCell.m */ = {isa = PBXFileReference; fileEncoding = 4; lastKnownFileType = sourcecode.c.objc; path = StoryTableViewCell.m; sourceTree = "<group>"; };
		BB6AD30B1CC26F5C00A1E0F7 /* StoryTableViewCellMenuView.h */ = {isa = PBXFileReference; fileEncoding = 4; lastKnownFileType = sourcecode.c.h; path = StoryTableViewCellMenuView.h; sourceTree = "<group>"; };
		BB6AD30C1CC26F5C00A1E0F7 /* StoryTableViewCellMenuView.m */ = {isa = PBXFileReference; fileEncoding = 4; lastKnownFileType = sourcecode.c.objc; path = StoryTableViewCellMenuView.m; sourceTree = "<group>"; };
		BB6AD3141CC322E000A1E0F7 /* UIImage+Utils.h */ = {isa = PBXFileReference; fileEncoding = 4; lastKnownFileType = sourcecode.c.h; path = "UIImage+Utils.h"; sourceTree = "<group>"; };
		BB6AD3151CC322E000A1E0F7 /* UIImage+Utils.m */ = {isa = PBXFileReference; fileEncoding = 4; lastKnownFileType = sourcecode.c.objc; path = "UIImage+Utils.m"; sourceTree = "<group>"; };
		BB6AD3171CC32B9300A1E0F7 /* StoryCoverViewController.h */ = {isa = PBXFileReference; fileEncoding = 4; lastKnownFileType = sourcecode.c.h; path = StoryCoverViewController.h; sourceTree = "<group>"; };
		BB6AD3181CC32B9300A1E0F7 /* StoryCoverViewController.m */ = {isa = PBXFileReference; fileEncoding = 4; lastKnownFileType = sourcecode.c.objc; path = StoryCoverViewController.m; sourceTree = "<group>"; };
		BB6AD31A1CC32FED00A1E0F7 /* StoryDifficultyView.h */ = {isa = PBXFileReference; fileEncoding = 4; lastKnownFileType = sourcecode.c.h; path = StoryDifficultyView.h; sourceTree = "<group>"; };
		BB6AD31B1CC32FED00A1E0F7 /* StoryDifficultyView.m */ = {isa = PBXFileReference; fileEncoding = 4; lastKnownFileType = sourcecode.c.objc; path = StoryDifficultyView.m; sourceTree = "<group>"; };
		BB6AD31D1CC3309100A1E0F7 /* StoryTagView.h */ = {isa = PBXFileReference; fileEncoding = 4; lastKnownFileType = sourcecode.c.h; path = StoryTagView.h; sourceTree = "<group>"; };
		BB6AD31E1CC3309100A1E0F7 /* StoryTagView.m */ = {isa = PBXFileReference; fileEncoding = 4; lastKnownFileType = sourcecode.c.objc; path = StoryTagView.m; sourceTree = "<group>"; };
		BBA532301CBBC56500282D3E /* CEE.app */ = {isa = PBXFileReference; explicitFileType = wrapper.application; includeInIndex = 0; path = CEE.app; sourceTree = BUILT_PRODUCTS_DIR; };
		BBA532341CBBC56500282D3E /* main.m */ = {isa = PBXFileReference; lastKnownFileType = sourcecode.c.objc; path = main.m; sourceTree = "<group>"; };
		BBA532361CBBC56500282D3E /* AppDelegate.h */ = {isa = PBXFileReference; lastKnownFileType = sourcecode.c.h; path = AppDelegate.h; sourceTree = "<group>"; };
		BBA532371CBBC56500282D3E /* AppDelegate.m */ = {isa = PBXFileReference; lastKnownFileType = sourcecode.c.objc; path = AppDelegate.m; sourceTree = "<group>"; };
		BBA5323F1CBBC56500282D3E /* Assets.xcassets */ = {isa = PBXFileReference; lastKnownFileType = folder.assetcatalog; path = Assets.xcassets; sourceTree = "<group>"; };
		BBA532441CBBC56500282D3E /* Info.plist */ = {isa = PBXFileReference; lastKnownFileType = text.plist.xml; path = Info.plist; sourceTree = "<group>"; };
		BBA5324C1CBBD0F500282D3E /* RootViewController.h */ = {isa = PBXFileReference; fileEncoding = 4; lastKnownFileType = sourcecode.c.h; path = RootViewController.h; sourceTree = "<group>"; };
		BBA5324D1CBBD0F500282D3E /* RootViewController.m */ = {isa = PBXFileReference; fileEncoding = 4; lastKnownFileType = sourcecode.c.objc; path = RootViewController.m; sourceTree = "<group>"; };
		BBA532521CBBD11100282D3E /* SDKManager.h */ = {isa = PBXFileReference; fileEncoding = 4; lastKnownFileType = sourcecode.c.h; path = SDKManager.h; sourceTree = "<group>"; };
		BBA532531CBBD11100282D3E /* SDKManager.m */ = {isa = PBXFileReference; fileEncoding = 4; lastKnownFileType = sourcecode.c.objc; path = SDKManager.m; sourceTree = "<group>"; };
		BBA532571CBBD5DB00282D3E /* Base */ = {isa = PBXFileReference; lastKnownFileType = file.storyboard; name = Base; path = Base.lproj/LaunchScreen.storyboard; sourceTree = "<group>"; };
		BBA532591CBBDA4A00282D3E /* DrawerViewController.h */ = {isa = PBXFileReference; fileEncoding = 4; lastKnownFileType = sourcecode.c.h; path = DrawerViewController.h; sourceTree = "<group>"; };
		BBA5325A1CBBDA4A00282D3E /* DrawerViewController.m */ = {isa = PBXFileReference; fileEncoding = 4; lastKnownFileType = sourcecode.c.objc; path = DrawerViewController.m; sourceTree = "<group>"; };
		BBA5325C1CBBDA5900282D3E /* WorldViewController.h */ = {isa = PBXFileReference; fileEncoding = 4; lastKnownFileType = sourcecode.c.h; path = WorldViewController.h; sourceTree = "<group>"; };
		BBA5325D1CBBDA5900282D3E /* WorldViewController.m */ = {isa = PBXFileReference; fileEncoding = 4; lastKnownFileType = sourcecode.c.objc; path = WorldViewController.m; sourceTree = "<group>"; };
		BBA5325F1CBBDA6A00282D3E /* StoriesViewController.h */ = {isa = PBXFileReference; fileEncoding = 4; lastKnownFileType = sourcecode.c.h; path = StoriesViewController.h; sourceTree = "<group>"; };
		BBA532601CBBDA6A00282D3E /* StoriesViewController.m */ = {isa = PBXFileReference; fileEncoding = 4; lastKnownFileType = sourcecode.c.objc; path = StoriesViewController.m; sourceTree = "<group>"; };
		BBA532621CBBDA9E00282D3E /* MessageViewController.h */ = {isa = PBXFileReference; fileEncoding = 4; lastKnownFileType = sourcecode.c.h; path = MessageViewController.h; sourceTree = "<group>"; };
		BBA532631CBBDA9E00282D3E /* MessageViewController.m */ = {isa = PBXFileReference; fileEncoding = 4; lastKnownFileType = sourcecode.c.objc; path = MessageViewController.m; sourceTree = "<group>"; };
		F8BCF04570751620B227FDFA /* Pods-CEE.release.xcconfig */ = {isa = PBXFileReference; includeInIndex = 1; lastKnownFileType = text.xcconfig; name = "Pods-CEE.release.xcconfig"; path = "Pods/Target Support Files/Pods-CEE/Pods-CEE.release.xcconfig"; sourceTree = "<group>"; };
/* End PBXFileReference section */

/* Begin PBXFrameworksBuildPhase section */
		BBA5322D1CBBC56500282D3E /* Frameworks */ = {
			isa = PBXFrameworksBuildPhase;
			buildActionMask = 2147483647;
			files = (
				DBE2B2942E7909B051221FF0 /* Pods_CEE.framework in Frameworks */,
			);
			runOnlyForDeploymentPostprocessing = 0;
		};
/* End PBXFrameworksBuildPhase section */

/* Begin PBXGroup section */
		776D73916CBD9193D6B0A815 /* Frameworks */ = {
			isa = PBXGroup;
			children = (
				6F33B289AB3942036A5E07CD /* Pods_CEE.framework */,
			);
			name = Frameworks;
			sourceTree = "<group>";
		};
		88ABD1A048EDE3AD129BFD87 /* Pods */ = {
			isa = PBXGroup;
			children = (
				7FB126723455BB0F0F8BE026 /* Pods-CEE.debug.xcconfig */,
				F8BCF04570751620B227FDFA /* Pods-CEE.release.xcconfig */,
			);
			name = Pods;
			sourceTree = "<group>";
		};
		BB6103AB1CC6301300350809 /* Services */ = {
			isa = PBXGroup;
			children = (
				BB6103B21CC67A1A00350809 /* API */,
				BB6103AC1CC6336300350809 /* JSONResponseSerializer.h */,
				BB6103AD1CC6336300350809 /* JSONResponseSerializer.m */,
				BB6103AF1CC671A400350809 /* CEEAPIClient.h */,
				BB6103B01CC671A400350809 /* CEEAPIClient.m */,
				BB6103B31CC67A6300350809 /* CEEBaseAPI.h */,
				BB6103B41CC67A6300350809 /* CEEBaseAPI.m */,
			);
			path = Services;
			sourceTree = "<group>";
		};
		BB6103B21CC67A1A00350809 /* API */ = {
			isa = PBXGroup;
			children = (
				BB6103B61CC68D5000350809 /* CEELoginAPI.h */,
				BB6103B71CC68D5000350809 /* CEELoginAPI.m */,
			);
			path = API;
			sourceTree = "<group>";
		};
		BB6AD2EF1CC228C500A1E0F7 /* Utils */ = {
			isa = PBXGroup;
			children = (
				BB6AD2F01CC228DD00A1E0F7 /* UtilsMacros.h */,
				BB6AD3031CC2528900A1E0F7 /* CEEUtils.h */,
				BB6AD3041CC2528900A1E0F7 /* CEEUtils.m */,
				BB6AD3141CC322E000A1E0F7 /* UIImage+Utils.h */,
				BB6AD3151CC322E000A1E0F7 /* UIImage+Utils.m */,
			);
			path = Utils;
			sourceTree = "<group>";
		};
		BB6AD2F11CC24F4D00A1E0F7 /* Resource */ = {
			isa = PBXGroup;
			children = (
				BB6AD3061CC265CD00A1E0F7 /* Gobold-Regular.ttf */,
				BB6AD2F21CC24F7300A1E0F7 /* SourceHanSansCN-Bold.otf */,
				BB6AD2F31CC24F7300A1E0F7 /* SourceHanSansCN-ExtraLight.otf */,
				BB6AD2F41CC24F7300A1E0F7 /* SourceHanSansCN-Heavy.otf */,
				BB6AD2F51CC24F7300A1E0F7 /* SourceHanSansCN-Light.otf */,
				BB6AD2F61CC24F7300A1E0F7 /* SourceHanSansCN-Medium.otf */,
				BB6AD2F71CC24F7300A1E0F7 /* SourceHanSansCN-Normal.otf */,
				BB6AD2F81CC24F7300A1E0F7 /* SourceHanSansCN-Regular.otf */,
			);
			path = Resource;
			sourceTree = "<group>";
		};
		BBA532271CBBC56500282D3E = {
			isa = PBXGroup;
			children = (
				BBA532321CBBC56500282D3E /* CEE */,
				BBA532311CBBC56500282D3E /* Products */,
				88ABD1A048EDE3AD129BFD87 /* Pods */,
				776D73916CBD9193D6B0A815 /* Frameworks */,
			);
			sourceTree = "<group>";
		};
		BBA532311CBBC56500282D3E /* Products */ = {
			isa = PBXGroup;
			children = (
				BBA532301CBBC56500282D3E /* CEE.app */,
			);
			name = Products;
			sourceTree = "<group>";
		};
		BBA532321CBBC56500282D3E /* CEE */ = {
			isa = PBXGroup;
			children = (
				BB6103AB1CC6301300350809 /* Services */,
				BB6AD2EF1CC228C500A1E0F7 /* Utils */,
				BBA532561CBBD5DB00282D3E /* LaunchScreen.storyboard */,
				BBA5324A1CBBD0F500282D3E /* Constants */,
				BBA5324B1CBBD0F500282D3E /* Controllers */,
				BBA5324E1CBBD0F500282D3E /* Managers */,
				BBA5324F1CBBD0F500282D3E /* Models */,
				BBA532501CBBD0F500282D3E /* Views */,
				BBA532361CBBC56500282D3E /* AppDelegate.h */,
				BBA532371CBBC56500282D3E /* AppDelegate.m */,
				BBA5323F1CBBC56500282D3E /* Assets.xcassets */,
				BBA532441CBBC56500282D3E /* Info.plist */,
				BBA532331CBBC56500282D3E /* Supporting Files */,
			);
			path = CEE;
			sourceTree = "<group>";
		};
		BBA532331CBBC56500282D3E /* Supporting Files */ = {
			isa = PBXGroup;
			children = (
				BB6AD2F11CC24F4D00A1E0F7 /* Resource */,
				BBA532341CBBC56500282D3E /* main.m */,
			);
			name = "Supporting Files";
			sourceTree = "<group>";
		};
		BBA5324A1CBBD0F500282D3E /* Constants */ = {
			isa = PBXGroup;
			children = (
				BB6AD2ED1CC2287200A1E0F7 /* Localizable.strings */,
				BB6AD3001CC2512500A1E0F7 /* AppearanceConstants.h */,
				BB6AD3011CC2512500A1E0F7 /* AppearanceConstants.m */,
			);
			path = Constants;
			sourceTree = "<group>";
		};
		BBA5324B1CBBD0F500282D3E /* Controllers */ = {
			isa = PBXGroup;
			children = (
				BB61039F1CC5088100350809 /* RegisterViewController.h */,
				BB6103A01CC5088100350809 /* RegisterViewController.m */,
				BBA5324C1CBBD0F500282D3E /* RootViewController.h */,
				BBA5324D1CBBD0F500282D3E /* RootViewController.m */,
				BBA532591CBBDA4A00282D3E /* DrawerViewController.h */,
				BBA5325A1CBBDA4A00282D3E /* DrawerViewController.m */,
				BBA5325C1CBBDA5900282D3E /* WorldViewController.h */,
				BBA5325D1CBBDA5900282D3E /* WorldViewController.m */,
				BBA5325F1CBBDA6A00282D3E /* StoriesViewController.h */,
				BBA532601CBBDA6A00282D3E /* StoriesViewController.m */,
				BBA532621CBBDA9E00282D3E /* MessageViewController.h */,
				BBA532631CBBDA9E00282D3E /* MessageViewController.m */,
				BB6AD3171CC32B9300A1E0F7 /* StoryCoverViewController.h */,
				BB6AD3181CC32B9300A1E0F7 /* StoryCoverViewController.m */,
				BB6103991CC478C200350809 /* LoginViewController.h */,
				BB61039A1CC478C200350809 /* LoginViewController.m */,
				BB6103A21CC50DB100350809 /* VerificationCodeViewController.h */,
				BB6103A31CC50DB100350809 /* VerificationCodeViewController.m */,
				BB6103A51CC5199100350809 /* FillProfileViewController.h */,
				BB6103A61CC5199100350809 /* FillProfileViewController.m */,
			);
			path = Controllers;
			sourceTree = "<group>";
		};
		BBA5324E1CBBD0F500282D3E /* Managers */ = {
			isa = PBXGroup;
			children = (
				BBA532521CBBD11100282D3E /* SDKManager.h */,
				BBA532531CBBD11100282D3E /* SDKManager.m */,
				BB6103A81CC62AB300350809 /* ServerConfig.h */,
				BB6103A91CC62AB300350809 /* ServerConfig.m */,
				BB6103B91CC7295F00350809 /* CEEAppearanceManager.h */,
				BB6103BA1CC7295F00350809 /* CEEAppearanceManager.m */,
			);
			path = Managers;
			sourceTree = "<group>";
		};
		BBA5324F1CBBD0F500282D3E /* Models */ = {
			isa = PBXGroup;
			children = (
			);
			path = Models;
			sourceTree = "<group>";
		};
		BBA532501CBBD0F500282D3E /* Views */ = {
			isa = PBXGroup;
			children = (
				BB6AD2E71CC206EE00A1E0F7 /* CouponScrollView.h */,
				BB6AD2E81CC206EE00A1E0F7 /* CouponScrollView.m */,
				BB6AD2EA1CC21E2900A1E0F7 /* HUDBaseView.h */,
				BB6AD2EB1CC21E2900A1E0F7 /* HUDBaseView.m */,
				BB6AD3081CC26B5A00A1E0F7 /* StoryTableViewCell.h */,
				BB6AD3091CC26B5A00A1E0F7 /* StoryTableViewCell.m */,
				BB6AD30B1CC26F5C00A1E0F7 /* StoryTableViewCellMenuView.h */,
				BB6AD30C1CC26F5C00A1E0F7 /* StoryTableViewCellMenuView.m */,
				BB6AD31A1CC32FED00A1E0F7 /* StoryDifficultyView.h */,
				BB6AD31B1CC32FED00A1E0F7 /* StoryDifficultyView.m */,
				BB6AD31D1CC3309100A1E0F7 /* StoryTagView.h */,
				BB6AD31E1CC3309100A1E0F7 /* StoryTagView.m */,
				BB4D856A1CC3502A00754484 /* StoryInfoView.h */,
				BB4D856B1CC3502A00754484 /* StoryInfoView.m */,
				BB6103961CC46E5300350809 /* RefreshingPanel.h */,
				BB6103971CC46E5300350809 /* RefreshingPanel.m */,
				BB61039C1CC47B2000350809 /* ThirdPartyLoginButton.h */,
				BB61039D1CC47B2000350809 /* ThirdPartyLoginButton.m */,
			);
			path = Views;
			sourceTree = "<group>";
		};
/* End PBXGroup section */

/* Begin PBXNativeTarget section */
		BBA5322F1CBBC56500282D3E /* CEE */ = {
			isa = PBXNativeTarget;
			buildConfigurationList = BBA532471CBBC56500282D3E /* Build configuration list for PBXNativeTarget "CEE" */;
			buildPhases = (
				33888C8D8201236DB7A4B186 /* Check Pods Manifest.lock */,
				BBA5322C1CBBC56500282D3E /* Sources */,
				BBA5322D1CBBC56500282D3E /* Frameworks */,
				BBA5322E1CBBC56500282D3E /* Resources */,
				AA22637EAE614B66D6BCE3DF /* Embed Pods Frameworks */,
				C288A9B4A5C4195B969572C5 /* Copy Pods Resources */,
				BBA532551CBBD22300282D3E /* ShellScript */,
			);
			buildRules = (
			);
			dependencies = (
			);
			name = CEE;
			productName = CEE;
			productReference = BBA532301CBBC56500282D3E /* CEE.app */;
			productType = "com.apple.product-type.application";
		};
/* End PBXNativeTarget section */

/* Begin PBXProject section */
		BBA532281CBBC56500282D3E /* Project object */ = {
			isa = PBXProject;
			attributes = {
				LastUpgradeCheck = 0720;
				ORGANIZATIONNAME = ygeek;
				TargetAttributes = {
					BBA5322F1CBBC56500282D3E = {
						CreatedOnToolsVersion = 7.2;
					};
				};
			};
			buildConfigurationList = BBA5322B1CBBC56500282D3E /* Build configuration list for PBXProject "CEE" */;
			compatibilityVersion = "Xcode 3.2";
			developmentRegion = English;
			hasScannedForEncodings = 0;
			knownRegions = (
				en,
				Base,
			);
			mainGroup = BBA532271CBBC56500282D3E;
			productRefGroup = BBA532311CBBC56500282D3E /* Products */;
			projectDirPath = "";
			projectRoot = "";
			targets = (
				BBA5322F1CBBC56500282D3E /* CEE */,
			);
		};
/* End PBXProject section */

/* Begin PBXResourcesBuildPhase section */
		BBA5322E1CBBC56500282D3E /* Resources */ = {
			isa = PBXResourcesBuildPhase;
			buildActionMask = 2147483647;
			files = (
				BB6AD2FB1CC24F7300A1E0F7 /* SourceHanSansCN-Heavy.otf in Resources */,
				BB6AD2FA1CC24F7300A1E0F7 /* SourceHanSansCN-ExtraLight.otf in Resources */,
				BBA532401CBBC56500282D3E /* Assets.xcassets in Resources */,
				BB6AD2EE1CC2287200A1E0F7 /* Localizable.strings in Resources */,
				BB6AD2FE1CC24F7300A1E0F7 /* SourceHanSansCN-Normal.otf in Resources */,
				BB6AD2FF1CC24F7300A1E0F7 /* SourceHanSansCN-Regular.otf in Resources */,
				BB6AD3071CC265CD00A1E0F7 /* Gobold-Regular.ttf in Resources */,
				BB6AD2FC1CC24F7300A1E0F7 /* SourceHanSansCN-Light.otf in Resources */,
				BB6AD2FD1CC24F7300A1E0F7 /* SourceHanSansCN-Medium.otf in Resources */,
				BBA532581CBBD5DB00282D3E /* LaunchScreen.storyboard in Resources */,
				BB6AD2F91CC24F7300A1E0F7 /* SourceHanSansCN-Bold.otf in Resources */,
			);
			runOnlyForDeploymentPostprocessing = 0;
		};
/* End PBXResourcesBuildPhase section */

/* Begin PBXShellScriptBuildPhase section */
		33888C8D8201236DB7A4B186 /* Check Pods Manifest.lock */ = {
			isa = PBXShellScriptBuildPhase;
			buildActionMask = 2147483647;
			files = (
			);
			inputPaths = (
			);
			name = "Check Pods Manifest.lock";
			outputPaths = (
			);
			runOnlyForDeploymentPostprocessing = 0;
			shellPath = /bin/sh;
			shellScript = "diff \"${PODS_ROOT}/../Podfile.lock\" \"${PODS_ROOT}/Manifest.lock\" > /dev/null\nif [[ $? != 0 ]] ; then\n    cat << EOM\nerror: The sandbox is not in sync with the Podfile.lock. Run 'pod install' or update your CocoaPods installation.\nEOM\n    exit 1\nfi\n";
			showEnvVarsInLog = 0;
		};
		AA22637EAE614B66D6BCE3DF /* Embed Pods Frameworks */ = {
			isa = PBXShellScriptBuildPhase;
			buildActionMask = 2147483647;
			files = (
			);
			inputPaths = (
			);
			name = "Embed Pods Frameworks";
			outputPaths = (
			);
			runOnlyForDeploymentPostprocessing = 0;
			shellPath = /bin/sh;
			shellScript = "\"${SRCROOT}/Pods/Target Support Files/Pods-CEE/Pods-CEE-frameworks.sh\"\n";
			showEnvVarsInLog = 0;
		};
		BBA532551CBBD22300282D3E /* ShellScript */ = {
			isa = PBXShellScriptBuildPhase;
			buildActionMask = 8;
			files = (
			);
			inputPaths = (
			);
			outputPaths = (
			);
			runOnlyForDeploymentPostprocessing = 1;
			shellPath = /bin/sh;
			shellScript = "leancloud upload_symbol \\\n-f \"${DWARF_DSYM_FOLDER_PATH}/${DWARF_DSYM_FILE_NAME}\" \\\n-i \"zbamEfqUbNTXNwLKw8LiTPK0-gzGzoHsz\" \\\n-k \"nWuVXVcpDSr4Eu3DHJqqSDyY\"";
		};
		C288A9B4A5C4195B969572C5 /* Copy Pods Resources */ = {
			isa = PBXShellScriptBuildPhase;
			buildActionMask = 2147483647;
			files = (
			);
			inputPaths = (
			);
			name = "Copy Pods Resources";
			outputPaths = (
			);
			runOnlyForDeploymentPostprocessing = 0;
			shellPath = /bin/sh;
			shellScript = "\"${SRCROOT}/Pods/Target Support Files/Pods-CEE/Pods-CEE-resources.sh\"\n";
			showEnvVarsInLog = 0;
		};
/* End PBXShellScriptBuildPhase section */

/* Begin PBXSourcesBuildPhase section */
		BBA5322C1CBBC56500282D3E /* Sources */ = {
			isa = PBXSourcesBuildPhase;
			buildActionMask = 2147483647;
			files = (
				BB6103AE1CC6336300350809 /* JSONResponseSerializer.m in Sources */,
				BB6103A41CC50DB100350809 /* VerificationCodeViewController.m in Sources */,
				BBA532541CBBD11100282D3E /* SDKManager.m in Sources */,
				BB6AD31F1CC3309100A1E0F7 /* StoryTagView.m in Sources */,
				BB6103B81CC68D5000350809 /* CEELoginAPI.m in Sources */,
				BB6103B51CC67A6300350809 /* CEEBaseAPI.m in Sources */,
				BB6AD2E91CC206EE00A1E0F7 /* CouponScrollView.m in Sources */,
				BB6AD30A1CC26B5A00A1E0F7 /* StoryTableViewCell.m in Sources */,
				BBA532611CBBDA6A00282D3E /* StoriesViewController.m in Sources */,
				BB4D856C1CC3502A00754484 /* StoryInfoView.m in Sources */,
				BB6AD3191CC32B9300A1E0F7 /* StoryCoverViewController.m in Sources */,
				BB6103BB1CC7295F00350809 /* CEEAppearanceManager.m in Sources */,
				BB6AD2EC1CC21E2900A1E0F7 /* HUDBaseView.m in Sources */,
				BB61039E1CC47B2000350809 /* ThirdPartyLoginButton.m in Sources */,
				BB6AD30D1CC26F5C00A1E0F7 /* StoryTableViewCellMenuView.m in Sources */,
				BBA532381CBBC56500282D3E /* AppDelegate.m in Sources */,
				BB6103A11CC5088100350809 /* RegisterViewController.m in Sources */,
				BB6AD3021CC2512500A1E0F7 /* AppearanceConstants.m in Sources */,
				BB6103B11CC671A400350809 /* CEEAPIClient.m in Sources */,
				BB6103A71CC5199100350809 /* FillProfileViewController.m in Sources */,
				BB61039B1CC478C200350809 /* LoginViewController.m in Sources */,
				BBA532351CBBC56500282D3E /* main.m in Sources */,
				BB6AD3161CC322E000A1E0F7 /* UIImage+Utils.m in Sources */,
				BB6AD3051CC2528900A1E0F7 /* CEEUtils.m in Sources */,
				BBA5325B1CBBDA4A00282D3E /* DrawerViewController.m in Sources */,
				BBA532511CBBD0F500282D3E /* RootViewController.m in Sources */,
				BB6AD31C1CC32FED00A1E0F7 /* StoryDifficultyView.m in Sources */,
				BB6103981CC46E5300350809 /* RefreshingPanel.m in Sources */,
				BBA532641CBBDA9E00282D3E /* MessageViewController.m in Sources */,
				BB6103AA1CC62AB300350809 /* ServerConfig.m in Sources */,
				BBA5325E1CBBDA5900282D3E /* WorldViewController.m in Sources */,
			);
			runOnlyForDeploymentPostprocessing = 0;
		};
/* End PBXSourcesBuildPhase section */

/* Begin PBXVariantGroup section */
		BBA532561CBBD5DB00282D3E /* LaunchScreen.storyboard */ = {
			isa = PBXVariantGroup;
			children = (
				BBA532571CBBD5DB00282D3E /* Base */,
			);
			name = LaunchScreen.storyboard;
			sourceTree = "<group>";
		};
/* End PBXVariantGroup section */

/* Begin XCBuildConfiguration section */
		BBA532451CBBC56500282D3E /* Debug */ = {
			isa = XCBuildConfiguration;
			buildSettings = {
				ALWAYS_SEARCH_USER_PATHS = NO;
				CLANG_CXX_LANGUAGE_STANDARD = "gnu++0x";
				CLANG_CXX_LIBRARY = "libc++";
				CLANG_ENABLE_MODULES = YES;
				CLANG_ENABLE_OBJC_ARC = YES;
				CLANG_WARN_BOOL_CONVERSION = YES;
				CLANG_WARN_CONSTANT_CONVERSION = YES;
				CLANG_WARN_DIRECT_OBJC_ISA_USAGE = YES_ERROR;
				CLANG_WARN_EMPTY_BODY = YES;
				CLANG_WARN_ENUM_CONVERSION = YES;
				CLANG_WARN_INT_CONVERSION = YES;
				CLANG_WARN_OBJC_ROOT_CLASS = YES_ERROR;
				CLANG_WARN_UNREACHABLE_CODE = YES;
				CLANG_WARN__DUPLICATE_METHOD_MATCH = YES;
				"CODE_SIGN_IDENTITY[sdk=iphoneos*]" = "iPhone Developer";
				COPY_PHASE_STRIP = NO;
				DEBUG_INFORMATION_FORMAT = dwarf;
				ENABLE_STRICT_OBJC_MSGSEND = YES;
				ENABLE_TESTABILITY = YES;
				GCC_C_LANGUAGE_STANDARD = gnu99;
				GCC_DYNAMIC_NO_PIC = NO;
				GCC_NO_COMMON_BLOCKS = YES;
				GCC_OPTIMIZATION_LEVEL = 0;
				GCC_PREPROCESSOR_DEFINITIONS = (
					"DEBUG=1",
					"$(inherited)",
				);
				GCC_WARN_64_TO_32_BIT_CONVERSION = YES;
				GCC_WARN_ABOUT_RETURN_TYPE = YES_ERROR;
				GCC_WARN_UNDECLARED_SELECTOR = YES;
				GCC_WARN_UNINITIALIZED_AUTOS = YES_AGGRESSIVE;
				GCC_WARN_UNUSED_FUNCTION = YES;
				GCC_WARN_UNUSED_VARIABLE = YES;
				IPHONEOS_DEPLOYMENT_TARGET = 9.2;
				MTL_ENABLE_DEBUG_INFO = YES;
				ONLY_ACTIVE_ARCH = YES;
				SDKROOT = iphoneos;
				TARGETED_DEVICE_FAMILY = "1,2";
			};
			name = Debug;
		};
		BBA532461CBBC56500282D3E /* Release */ = {
			isa = XCBuildConfiguration;
			buildSettings = {
				ALWAYS_SEARCH_USER_PATHS = NO;
				CLANG_CXX_LANGUAGE_STANDARD = "gnu++0x";
				CLANG_CXX_LIBRARY = "libc++";
				CLANG_ENABLE_MODULES = YES;
				CLANG_ENABLE_OBJC_ARC = YES;
				CLANG_WARN_BOOL_CONVERSION = YES;
				CLANG_WARN_CONSTANT_CONVERSION = YES;
				CLANG_WARN_DIRECT_OBJC_ISA_USAGE = YES_ERROR;
				CLANG_WARN_EMPTY_BODY = YES;
				CLANG_WARN_ENUM_CONVERSION = YES;
				CLANG_WARN_INT_CONVERSION = YES;
				CLANG_WARN_OBJC_ROOT_CLASS = YES_ERROR;
				CLANG_WARN_UNREACHABLE_CODE = YES;
				CLANG_WARN__DUPLICATE_METHOD_MATCH = YES;
				"CODE_SIGN_IDENTITY[sdk=iphoneos*]" = "iPhone Developer";
				COPY_PHASE_STRIP = NO;
				DEBUG_INFORMATION_FORMAT = "dwarf-with-dsym";
				ENABLE_NS_ASSERTIONS = NO;
				ENABLE_STRICT_OBJC_MSGSEND = YES;
				GCC_C_LANGUAGE_STANDARD = gnu99;
				GCC_NO_COMMON_BLOCKS = YES;
				GCC_WARN_64_TO_32_BIT_CONVERSION = YES;
				GCC_WARN_ABOUT_RETURN_TYPE = YES_ERROR;
				GCC_WARN_UNDECLARED_SELECTOR = YES;
				GCC_WARN_UNINITIALIZED_AUTOS = YES_AGGRESSIVE;
				GCC_WARN_UNUSED_FUNCTION = YES;
				GCC_WARN_UNUSED_VARIABLE = YES;
				IPHONEOS_DEPLOYMENT_TARGET = 9.2;
				MTL_ENABLE_DEBUG_INFO = NO;
				SDKROOT = iphoneos;
				TARGETED_DEVICE_FAMILY = "1,2";
				VALIDATE_PRODUCT = YES;
			};
			name = Release;
		};
		BBA532481CBBC56500282D3E /* Debug */ = {
			isa = XCBuildConfiguration;
			baseConfigurationReference = 7FB126723455BB0F0F8BE026 /* Pods-CEE.debug.xcconfig */;
			buildSettings = {
				ASSETCATALOG_COMPILER_APPICON_NAME = AppIcon;
				INFOPLIST_FILE = CEE/Info.plist;
				IPHONEOS_DEPLOYMENT_TARGET = 8.0;
				LD_RUNPATH_SEARCH_PATHS = "$(inherited) @executable_path/Frameworks";
				PRODUCT_BUNDLE_IDENTIFIER = com.ygeek.CEE;
				PRODUCT_NAME = "$(TARGET_NAME)";
			};
			name = Debug;
		};
		BBA532491CBBC56500282D3E /* Release */ = {
			isa = XCBuildConfiguration;
			baseConfigurationReference = F8BCF04570751620B227FDFA /* Pods-CEE.release.xcconfig */;
			buildSettings = {
				ASSETCATALOG_COMPILER_APPICON_NAME = AppIcon;
				INFOPLIST_FILE = CEE/Info.plist;
				IPHONEOS_DEPLOYMENT_TARGET = 8.0;
				LD_RUNPATH_SEARCH_PATHS = "$(inherited) @executable_path/Frameworks";
				PRODUCT_BUNDLE_IDENTIFIER = com.ygeek.CEE;
				PRODUCT_NAME = "$(TARGET_NAME)";
			};
			name = Release;
		};
/* End XCBuildConfiguration section */

/* Begin XCConfigurationList section */
		BBA5322B1CBBC56500282D3E /* Build configuration list for PBXProject "CEE" */ = {
			isa = XCConfigurationList;
			buildConfigurations = (
				BBA532451CBBC56500282D3E /* Debug */,
				BBA532461CBBC56500282D3E /* Release */,
			);
			defaultConfigurationIsVisible = 0;
			defaultConfigurationName = Release;
		};
		BBA532471CBBC56500282D3E /* Build configuration list for PBXNativeTarget "CEE" */ = {
			isa = XCConfigurationList;
			buildConfigurations = (
				BBA532481CBBC56500282D3E /* Debug */,
				BBA532491CBBC56500282D3E /* Release */,
			);
			defaultConfigurationIsVisible = 0;
			defaultConfigurationName = Release;
		};
/* End XCConfigurationList section */
	};
	rootObject = BBA532281CBBC56500282D3E /* Project object */;
}
